// !$*UTF8*$!
{
	archiveVersion = 1;
	classes = {
	};
	objectVersion = 56;
	objects = {

/* Begin PBXBuildFile section */
		6518ACB02C2428BF00C3BF63 /* Assets.xcassets in Resources */ = {isa = PBXBuildFile; fileRef = 6553EE042C20DA9400B0FDF5 /* Assets.xcassets */; };
		6518ACB92C2434E100C3BF63 /* Assets.xcassets in Resources */ = {isa = PBXBuildFile; fileRef = 6553EE042C20DA9400B0FDF5 /* Assets.xcassets */; };
		6518ACBA2C2434E200C3BF63 /* Assets.xcassets in Resources */ = {isa = PBXBuildFile; fileRef = 6553EE042C20DA9400B0FDF5 /* Assets.xcassets */; };
		6553EDF92C20DA9200B0FDF5 /* AppDelegate.swift in Sources */ = {isa = PBXBuildFile; fileRef = 6553EDF82C20DA9200B0FDF5 /* AppDelegate.swift */; };
		6553EDFB2C20DA9200B0FDF5 /* SceneDelegate.swift in Sources */ = {isa = PBXBuildFile; fileRef = 6553EDFA2C20DA9200B0FDF5 /* SceneDelegate.swift */; };
		6553EE002C20DA9200B0FDF5 /* Main.storyboard in Resources */ = {isa = PBXBuildFile; fileRef = 6553EDFE2C20DA9200B0FDF5 /* Main.storyboard */; };
		6553EE032C20DA9200B0FDF5 /* Carb_Counter.xcdatamodeld in Sources */ = {isa = PBXBuildFile; fileRef = 6553EE012C20DA9200B0FDF5 /* Carb_Counter.xcdatamodeld */; };
		6553EE082C20DA9400B0FDF5 /* LaunchScreen.storyboard in Resources */ = {isa = PBXBuildFile; fileRef = 6553EE062C20DA9400B0FDF5 /* LaunchScreen.storyboard */; };
		6553EE132C20DA9400B0FDF5 /* Carb_CounterTests.swift in Sources */ = {isa = PBXBuildFile; fileRef = 6553EE122C20DA9400B0FDF5 /* Carb_CounterTests.swift */; };
		6553EE1D2C20DA9400B0FDF5 /* Carb_CounterUITests.swift in Sources */ = {isa = PBXBuildFile; fileRef = 6553EE1C2C20DA9400B0FDF5 /* Carb_CounterUITests.swift */; };
		6553EE1F2C20DA9400B0FDF5 /* Carb_CounterUITestsLaunchTests.swift in Sources */ = {isa = PBXBuildFile; fileRef = 6553EE1E2C20DA9400B0FDF5 /* Carb_CounterUITestsLaunchTests.swift */; };
		6553EE302C20DEA600B0FDF5 /* FoodItemsListViewController.swift in Sources */ = {isa = PBXBuildFile; fileRef = 6553EE2F2C20DEA600B0FDF5 /* FoodItemsListViewController.swift */; };
		6553EE322C20DF4B00B0FDF5 /* ComposeMealViewController.swift in Sources */ = {isa = PBXBuildFile; fileRef = 6553EE312C20DF4B00B0FDF5 /* ComposeMealViewController.swift */; };
		6553EE342C20E58B00B0FDF5 /* HomeViewController.swift in Sources */ = {isa = PBXBuildFile; fileRef = 6553EE332C20E58B00B0FDF5 /* HomeViewController.swift */; };
		6553EE362C20EF2600B0FDF5 /* AddFoodItemViewController.swift in Sources */ = {isa = PBXBuildFile; fileRef = 6553EE352C20EF2600B0FDF5 /* AddFoodItemViewController.swift */; };
		6553EE4A2C22E85400B0FDF5 /* FoodItemRowView.swift in Sources */ = {isa = PBXBuildFile; fileRef = 6553EE492C22E85400B0FDF5 /* FoodItemRowView.swift */; };
		6553EE4C2C2312BE00B0FDF5 /* SearchableDropdownView.swift in Sources */ = {isa = PBXBuildFile; fileRef = 6553EE4B2C2312BE00B0FDF5 /* SearchableDropdownView.swift */; };
		6553EE502C238D2E00B0FDF5 /* FoodItemTableViewCell.swift in Sources */ = {isa = PBXBuildFile; fileRef = 6553EE4F2C238D2E00B0FDF5 /* FoodItemTableViewCell.swift */; };
		659632852C2436470098DF69 /* launch.png in Resources */ = {isa = PBXBuildFile; fileRef = 659632842C2436470098DF69 /* launch.png */; };
		659632862C2436470098DF69 /* launch.png in Resources */ = {isa = PBXBuildFile; fileRef = 659632842C2436470098DF69 /* launch.png */; };
		659632872C2436470098DF69 /* launch.png in Resources */ = {isa = PBXBuildFile; fileRef = 659632842C2436470098DF69 /* launch.png */; };
		65C75CF62C255C8F00114BD3 /* CoreDataStack.swift in Sources */ = {isa = PBXBuildFile; fileRef = 65C75CF52C255C8F00114BD3 /* CoreDataStack.swift */; };
		65C75CF82C255D6900114BD3 /* FavoriteMealsViewController.swift in Sources */ = {isa = PBXBuildFile; fileRef = 65C75CF72C255D6900114BD3 /* FavoriteMealsViewController.swift */; };
		65C75CFA2C256FA700114BD3 /* FavoriteMealDetailViewController.swift in Sources */ = {isa = PBXBuildFile; fileRef = 65C75CF92C256FA700114BD3 /* FavoriteMealDetailViewController.swift */; };
		65C75CFC2C25962E00114BD3 /* SettingsViewController.swift in Sources */ = {isa = PBXBuildFile; fileRef = 65C75CFB2C25962E00114BD3 /* SettingsViewController.swift */; };
		65C75CFE2C25966200114BD3 /* CarbRatioViewController.swift in Sources */ = {isa = PBXBuildFile; fileRef = 65C75CFD2C25966100114BD3 /* CarbRatioViewController.swift */; };
		65C75D002C25967C00114BD3 /* StartDoseViewController.swift in Sources */ = {isa = PBXBuildFile; fileRef = 65C75CFF2C25967C00114BD3 /* StartDoseViewController.swift */; };
		65C75D022C2597FC00114BD3 /* CoreDataHelper.swift in Sources */ = {isa = PBXBuildFile; fileRef = 65C75D012C2597FC00114BD3 /* CoreDataHelper.swift */; };
/* End PBXBuildFile section */

/* Begin PBXContainerItemProxy section */
		6553EE0F2C20DA9400B0FDF5 /* PBXContainerItemProxy */ = {
			isa = PBXContainerItemProxy;
			containerPortal = 6553EDED2C20DA9100B0FDF5 /* Project object */;
			proxyType = 1;
			remoteGlobalIDString = 6553EDF42C20DA9200B0FDF5;
			remoteInfo = "Carb Counter";
		};
		6553EE192C20DA9400B0FDF5 /* PBXContainerItemProxy */ = {
			isa = PBXContainerItemProxy;
			containerPortal = 6553EDED2C20DA9100B0FDF5 /* Project object */;
			proxyType = 1;
			remoteGlobalIDString = 6553EDF42C20DA9200B0FDF5;
			remoteInfo = "Carb Counter";
		};
/* End PBXContainerItemProxy section */

/* Begin PBXFileReference section */
		6553EDF52C20DA9200B0FDF5 /* Carb Counter.app */ = {isa = PBXFileReference; explicitFileType = wrapper.application; includeInIndex = 0; path = "Carb Counter.app"; sourceTree = BUILT_PRODUCTS_DIR; };
		6553EDF82C20DA9200B0FDF5 /* AppDelegate.swift */ = {isa = PBXFileReference; lastKnownFileType = sourcecode.swift; path = AppDelegate.swift; sourceTree = "<group>"; };
		6553EDFA2C20DA9200B0FDF5 /* SceneDelegate.swift */ = {isa = PBXFileReference; lastKnownFileType = sourcecode.swift; path = SceneDelegate.swift; sourceTree = "<group>"; };
		6553EDFF2C20DA9200B0FDF5 /* Base */ = {isa = PBXFileReference; lastKnownFileType = file.storyboard; name = Base; path = Base.lproj/Main.storyboard; sourceTree = "<group>"; };
		6553EE022C20DA9200B0FDF5 /* Carb_Counter.xcdatamodel */ = {isa = PBXFileReference; lastKnownFileType = wrapper.xcdatamodel; path = Carb_Counter.xcdatamodel; sourceTree = "<group>"; };
		6553EE042C20DA9400B0FDF5 /* Assets.xcassets */ = {isa = PBXFileReference; lastKnownFileType = folder.assetcatalog; path = Assets.xcassets; sourceTree = "<group>"; };
		6553EE072C20DA9400B0FDF5 /* Base */ = {isa = PBXFileReference; lastKnownFileType = file.storyboard; name = Base; path = Base.lproj/LaunchScreen.storyboard; sourceTree = "<group>"; };
		6553EE092C20DA9400B0FDF5 /* Info.plist */ = {isa = PBXFileReference; lastKnownFileType = text.plist.xml; path = Info.plist; sourceTree = "<group>"; };
		6553EE0E2C20DA9400B0FDF5 /* Carb CounterTests.xctest */ = {isa = PBXFileReference; explicitFileType = wrapper.cfbundle; includeInIndex = 0; path = "Carb CounterTests.xctest"; sourceTree = BUILT_PRODUCTS_DIR; };
		6553EE122C20DA9400B0FDF5 /* Carb_CounterTests.swift */ = {isa = PBXFileReference; lastKnownFileType = sourcecode.swift; path = Carb_CounterTests.swift; sourceTree = "<group>"; };
		6553EE182C20DA9400B0FDF5 /* Carb CounterUITests.xctest */ = {isa = PBXFileReference; explicitFileType = wrapper.cfbundle; includeInIndex = 0; path = "Carb CounterUITests.xctest"; sourceTree = BUILT_PRODUCTS_DIR; };
		6553EE1C2C20DA9400B0FDF5 /* Carb_CounterUITests.swift */ = {isa = PBXFileReference; lastKnownFileType = sourcecode.swift; path = Carb_CounterUITests.swift; sourceTree = "<group>"; };
		6553EE1E2C20DA9400B0FDF5 /* Carb_CounterUITestsLaunchTests.swift */ = {isa = PBXFileReference; lastKnownFileType = sourcecode.swift; path = Carb_CounterUITestsLaunchTests.swift; sourceTree = "<group>"; };
		6553EE2F2C20DEA600B0FDF5 /* FoodItemsListViewController.swift */ = {isa = PBXFileReference; lastKnownFileType = sourcecode.swift; path = FoodItemsListViewController.swift; sourceTree = "<group>"; };
		6553EE312C20DF4B00B0FDF5 /* ComposeMealViewController.swift */ = {isa = PBXFileReference; lastKnownFileType = sourcecode.swift; path = ComposeMealViewController.swift; sourceTree = "<group>"; };
		6553EE332C20E58B00B0FDF5 /* HomeViewController.swift */ = {isa = PBXFileReference; lastKnownFileType = sourcecode.swift; path = HomeViewController.swift; sourceTree = "<group>"; };
		6553EE352C20EF2600B0FDF5 /* AddFoodItemViewController.swift */ = {isa = PBXFileReference; lastKnownFileType = sourcecode.swift; path = AddFoodItemViewController.swift; sourceTree = "<group>"; };
		6553EE492C22E85400B0FDF5 /* FoodItemRowView.swift */ = {isa = PBXFileReference; lastKnownFileType = sourcecode.swift; path = FoodItemRowView.swift; sourceTree = "<group>"; };
		6553EE4B2C2312BE00B0FDF5 /* SearchableDropdownView.swift */ = {isa = PBXFileReference; lastKnownFileType = sourcecode.swift; path = SearchableDropdownView.swift; sourceTree = "<group>"; };
		6553EE4F2C238D2E00B0FDF5 /* FoodItemTableViewCell.swift */ = {isa = PBXFileReference; lastKnownFileType = sourcecode.swift; path = FoodItemTableViewCell.swift; sourceTree = "<group>"; };
		659632842C2436470098DF69 /* launch.png */ = {isa = PBXFileReference; lastKnownFileType = image.png; path = launch.png; sourceTree = "<group>"; };
		65B7F58D2C244AB9005A4386 /* FoodItem+CoreDataClass.swift */ = {isa = PBXFileReference; lastKnownFileType = sourcecode.swift; name = "FoodItem+CoreDataClass.swift"; path = "Carb Counter/FoodItem+CoreDataClass.swift"; sourceTree = "<group>"; };
		65B7F58E2C244AB9005A4386 /* FoodItem+CoreDataProperties.swift */ = {isa = PBXFileReference; lastKnownFileType = sourcecode.swift; name = "FoodItem+CoreDataProperties.swift"; path = "Carb Counter/FoodItem+CoreDataProperties.swift"; sourceTree = "<group>"; };
		65C75CF52C255C8F00114BD3 /* CoreDataStack.swift */ = {isa = PBXFileReference; lastKnownFileType = sourcecode.swift; path = CoreDataStack.swift; sourceTree = "<group>"; };
		65C75CF72C255D6900114BD3 /* FavoriteMealsViewController.swift */ = {isa = PBXFileReference; lastKnownFileType = sourcecode.swift; path = FavoriteMealsViewController.swift; sourceTree = "<group>"; };
		65C75CF92C256FA700114BD3 /* FavoriteMealDetailViewController.swift */ = {isa = PBXFileReference; lastKnownFileType = sourcecode.swift; path = FavoriteMealDetailViewController.swift; sourceTree = "<group>"; };
		65C75CFB2C25962E00114BD3 /* SettingsViewController.swift */ = {isa = PBXFileReference; lastKnownFileType = sourcecode.swift; path = SettingsViewController.swift; sourceTree = "<group>"; };
		65C75CFD2C25966100114BD3 /* CarbRatioViewController.swift */ = {isa = PBXFileReference; lastKnownFileType = sourcecode.swift; path = CarbRatioViewController.swift; sourceTree = "<group>"; };
		65C75CFF2C25967C00114BD3 /* StartDoseViewController.swift */ = {isa = PBXFileReference; lastKnownFileType = sourcecode.swift; path = StartDoseViewController.swift; sourceTree = "<group>"; };
		65C75D012C2597FC00114BD3 /* CoreDataHelper.swift */ = {isa = PBXFileReference; lastKnownFileType = sourcecode.swift; path = CoreDataHelper.swift; sourceTree = "<group>"; };
/* End PBXFileReference section */

/* Begin PBXFrameworksBuildPhase section */
		6553EDF22C20DA9200B0FDF5 /* Frameworks */ = {
			isa = PBXFrameworksBuildPhase;
			buildActionMask = 2147483647;
			files = (
			);
			runOnlyForDeploymentPostprocessing = 0;
		};
		6553EE0B2C20DA9400B0FDF5 /* Frameworks */ = {
			isa = PBXFrameworksBuildPhase;
			buildActionMask = 2147483647;
			files = (
			);
			runOnlyForDeploymentPostprocessing = 0;
		};
		6553EE152C20DA9400B0FDF5 /* Frameworks */ = {
			isa = PBXFrameworksBuildPhase;
			buildActionMask = 2147483647;
			files = (
			);
			runOnlyForDeploymentPostprocessing = 0;
		};
/* End PBXFrameworksBuildPhase section */

/* Begin PBXGroup section */
		6553EDEC2C20DA9100B0FDF5 = {
			isa = PBXGroup;
			children = (
				65B7F58D2C244AB9005A4386 /* FoodItem+CoreDataClass.swift */,
				65B7F58E2C244AB9005A4386 /* FoodItem+CoreDataProperties.swift */,
				6553EDF72C20DA9200B0FDF5 /* Carb Counter */,
				6553EE112C20DA9400B0FDF5 /* Carb CounterTests */,
				6553EE1B2C20DA9400B0FDF5 /* Carb CounterUITests */,
				6553EDF62C20DA9200B0FDF5 /* Products */,
			);
			sourceTree = "<group>";
		};
		6553EDF62C20DA9200B0FDF5 /* Products */ = {
			isa = PBXGroup;
			children = (
				6553EDF52C20DA9200B0FDF5 /* Carb Counter.app */,
				6553EE0E2C20DA9400B0FDF5 /* Carb CounterTests.xctest */,
				6553EE182C20DA9400B0FDF5 /* Carb CounterUITests.xctest */,
			);
			name = Products;
			sourceTree = "<group>";
		};
		6553EDF72C20DA9200B0FDF5 /* Carb Counter */ = {
			isa = PBXGroup;
			children = (
				659632842C2436470098DF69 /* launch.png */,
				6553EDF82C20DA9200B0FDF5 /* AppDelegate.swift */,
				6553EDFA2C20DA9200B0FDF5 /* SceneDelegate.swift */,
				6553EE332C20E58B00B0FDF5 /* HomeViewController.swift */,
				65C75CFB2C25962E00114BD3 /* SettingsViewController.swift */,
				65C75CFD2C25966100114BD3 /* CarbRatioViewController.swift */,
				65C75CFF2C25967C00114BD3 /* StartDoseViewController.swift */,
				6553EE352C20EF2600B0FDF5 /* AddFoodItemViewController.swift */,
				6553EE2F2C20DEA600B0FDF5 /* FoodItemsListViewController.swift */,
				6553EE4F2C238D2E00B0FDF5 /* FoodItemTableViewCell.swift */,
				6553EE312C20DF4B00B0FDF5 /* ComposeMealViewController.swift */,
				6553EE492C22E85400B0FDF5 /* FoodItemRowView.swift */,
				6553EE4B2C2312BE00B0FDF5 /* SearchableDropdownView.swift */,
				65C75CF72C255D6900114BD3 /* FavoriteMealsViewController.swift */,
				65C75CF92C256FA700114BD3 /* FavoriteMealDetailViewController.swift */,
				6553EDFE2C20DA9200B0FDF5 /* Main.storyboard */,
				6553EE042C20DA9400B0FDF5 /* Assets.xcassets */,
				6553EE062C20DA9400B0FDF5 /* LaunchScreen.storyboard */,
				6553EE092C20DA9400B0FDF5 /* Info.plist */,
				6553EE012C20DA9200B0FDF5 /* Carb_Counter.xcdatamodeld */,
				65C75CF52C255C8F00114BD3 /* CoreDataStack.swift */,
				65C75D012C2597FC00114BD3 /* CoreDataHelper.swift */,
			);
			path = "Carb Counter";
			sourceTree = "<group>";
		};
		6553EE112C20DA9400B0FDF5 /* Carb CounterTests */ = {
			isa = PBXGroup;
			children = (
				6553EE122C20DA9400B0FDF5 /* Carb_CounterTests.swift */,
			);
			path = "Carb CounterTests";
			sourceTree = "<group>";
		};
		6553EE1B2C20DA9400B0FDF5 /* Carb CounterUITests */ = {
			isa = PBXGroup;
			children = (
				6553EE1C2C20DA9400B0FDF5 /* Carb_CounterUITests.swift */,
				6553EE1E2C20DA9400B0FDF5 /* Carb_CounterUITestsLaunchTests.swift */,
			);
			path = "Carb CounterUITests";
			sourceTree = "<group>";
		};
/* End PBXGroup section */

/* Begin PBXNativeTarget section */
		6553EDF42C20DA9200B0FDF5 /* Carb Counter */ = {
			isa = PBXNativeTarget;
			buildConfigurationList = 6553EE222C20DA9400B0FDF5 /* Build configuration list for PBXNativeTarget "Carb Counter" */;
			buildPhases = (
				6553EDF12C20DA9200B0FDF5 /* Sources */,
				6553EDF22C20DA9200B0FDF5 /* Frameworks */,
				6553EDF32C20DA9200B0FDF5 /* Resources */,
			);
			buildRules = (
			);
			dependencies = (
			);
			name = "Carb Counter";
			productName = "Carb Counter";
			productReference = 6553EDF52C20DA9200B0FDF5 /* Carb Counter.app */;
			productType = "com.apple.product-type.application";
		};
		6553EE0D2C20DA9400B0FDF5 /* Carb CounterTests */ = {
			isa = PBXNativeTarget;
			buildConfigurationList = 6553EE252C20DA9400B0FDF5 /* Build configuration list for PBXNativeTarget "Carb CounterTests" */;
			buildPhases = (
				6553EE0A2C20DA9400B0FDF5 /* Sources */,
				6553EE0B2C20DA9400B0FDF5 /* Frameworks */,
				6553EE0C2C20DA9400B0FDF5 /* Resources */,
			);
			buildRules = (
			);
			dependencies = (
				6553EE102C20DA9400B0FDF5 /* PBXTargetDependency */,
			);
			name = "Carb CounterTests";
			productName = "Carb CounterTests";
			productReference = 6553EE0E2C20DA9400B0FDF5 /* Carb CounterTests.xctest */;
			productType = "com.apple.product-type.bundle.unit-test";
		};
		6553EE172C20DA9400B0FDF5 /* Carb CounterUITests */ = {
			isa = PBXNativeTarget;
			buildConfigurationList = 6553EE282C20DA9400B0FDF5 /* Build configuration list for PBXNativeTarget "Carb CounterUITests" */;
			buildPhases = (
				6553EE142C20DA9400B0FDF5 /* Sources */,
				6553EE152C20DA9400B0FDF5 /* Frameworks */,
				6553EE162C20DA9400B0FDF5 /* Resources */,
			);
			buildRules = (
			);
			dependencies = (
				6553EE1A2C20DA9400B0FDF5 /* PBXTargetDependency */,
			);
			name = "Carb CounterUITests";
			productName = "Carb CounterUITests";
			productReference = 6553EE182C20DA9400B0FDF5 /* Carb CounterUITests.xctest */;
			productType = "com.apple.product-type.bundle.ui-testing";
		};
/* End PBXNativeTarget section */

/* Begin PBXProject section */
		6553EDED2C20DA9100B0FDF5 /* Project object */ = {
			isa = PBXProject;
			attributes = {
				BuildIndependentTargetsInParallel = 1;
				LastSwiftUpdateCheck = 1520;
				LastUpgradeCheck = 1520;
				TargetAttributes = {
					6553EDF42C20DA9200B0FDF5 = {
						CreatedOnToolsVersion = 15.2;
					};
					6553EE0D2C20DA9400B0FDF5 = {
						CreatedOnToolsVersion = 15.2;
						TestTargetID = 6553EDF42C20DA9200B0FDF5;
					};
					6553EE172C20DA9400B0FDF5 = {
						CreatedOnToolsVersion = 15.2;
						TestTargetID = 6553EDF42C20DA9200B0FDF5;
					};
				};
			};
			buildConfigurationList = 6553EDF02C20DA9100B0FDF5 /* Build configuration list for PBXProject "Carb Counter" */;
			compatibilityVersion = "Xcode 14.0";
			developmentRegion = en;
			hasScannedForEncodings = 0;
			knownRegions = (
				en,
				Base,
			);
			mainGroup = 6553EDEC2C20DA9100B0FDF5;
			productRefGroup = 6553EDF62C20DA9200B0FDF5 /* Products */;
			projectDirPath = "";
			projectRoot = "";
			targets = (
				6553EDF42C20DA9200B0FDF5 /* Carb Counter */,
				6553EE0D2C20DA9400B0FDF5 /* Carb CounterTests */,
				6553EE172C20DA9400B0FDF5 /* Carb CounterUITests */,
			);
		};
/* End PBXProject section */

/* Begin PBXResourcesBuildPhase section */
		6553EDF32C20DA9200B0FDF5 /* Resources */ = {
			isa = PBXResourcesBuildPhase;
			buildActionMask = 2147483647;
			files = (
				659632852C2436470098DF69 /* launch.png in Resources */,
				6553EE082C20DA9400B0FDF5 /* LaunchScreen.storyboard in Resources */,
				6518ACB02C2428BF00C3BF63 /* Assets.xcassets in Resources */,
				6553EE002C20DA9200B0FDF5 /* Main.storyboard in Resources */,
			);
			runOnlyForDeploymentPostprocessing = 0;
		};
		6553EE0C2C20DA9400B0FDF5 /* Resources */ = {
			isa = PBXResourcesBuildPhase;
			buildActionMask = 2147483647;
			files = (
				659632862C2436470098DF69 /* launch.png in Resources */,
				6518ACB92C2434E100C3BF63 /* Assets.xcassets in Resources */,
			);
			runOnlyForDeploymentPostprocessing = 0;
		};
		6553EE162C20DA9400B0FDF5 /* Resources */ = {
			isa = PBXResourcesBuildPhase;
			buildActionMask = 2147483647;
			files = (
				659632872C2436470098DF69 /* launch.png in Resources */,
				6518ACBA2C2434E200C3BF63 /* Assets.xcassets in Resources */,
			);
			runOnlyForDeploymentPostprocessing = 0;
		};
/* End PBXResourcesBuildPhase section */

/* Begin PBXSourcesBuildPhase section */
		6553EDF12C20DA9200B0FDF5 /* Sources */ = {
			isa = PBXSourcesBuildPhase;
			buildActionMask = 2147483647;
			files = (
				65C75D002C25967C00114BD3 /* StartDoseViewController.swift in Sources */,
				6553EE502C238D2E00B0FDF5 /* FoodItemTableViewCell.swift in Sources */,
				6553EE032C20DA9200B0FDF5 /* Carb_Counter.xcdatamodeld in Sources */,
				6553EE362C20EF2600B0FDF5 /* AddFoodItemViewController.swift in Sources */,
				65C75D022C2597FC00114BD3 /* CoreDataHelper.swift in Sources */,
				65C75CF82C255D6900114BD3 /* FavoriteMealsViewController.swift in Sources */,
				65C75CFA2C256FA700114BD3 /* FavoriteMealDetailViewController.swift in Sources */,
				6553EE4C2C2312BE00B0FDF5 /* SearchableDropdownView.swift in Sources */,
				65C75CFE2C25966200114BD3 /* CarbRatioViewController.swift in Sources */,
				6553EE4A2C22E85400B0FDF5 /* FoodItemRowView.swift in Sources */,
				6553EDF92C20DA9200B0FDF5 /* AppDelegate.swift in Sources */,
				65C75CF62C255C8F00114BD3 /* CoreDataStack.swift in Sources */,
				65C75CFC2C25962E00114BD3 /* SettingsViewController.swift in Sources */,
				6553EE302C20DEA600B0FDF5 /* FoodItemsListViewController.swift in Sources */,
				6553EE322C20DF4B00B0FDF5 /* ComposeMealViewController.swift in Sources */,
				6553EE342C20E58B00B0FDF5 /* HomeViewController.swift in Sources */,
				6553EDFB2C20DA9200B0FDF5 /* SceneDelegate.swift in Sources */,
			);
			runOnlyForDeploymentPostprocessing = 0;
		};
		6553EE0A2C20DA9400B0FDF5 /* Sources */ = {
			isa = PBXSourcesBuildPhase;
			buildActionMask = 2147483647;
			files = (
				6553EE132C20DA9400B0FDF5 /* Carb_CounterTests.swift in Sources */,
			);
			runOnlyForDeploymentPostprocessing = 0;
		};
		6553EE142C20DA9400B0FDF5 /* Sources */ = {
			isa = PBXSourcesBuildPhase;
			buildActionMask = 2147483647;
			files = (
				6553EE1D2C20DA9400B0FDF5 /* Carb_CounterUITests.swift in Sources */,
				6553EE1F2C20DA9400B0FDF5 /* Carb_CounterUITestsLaunchTests.swift in Sources */,
			);
			runOnlyForDeploymentPostprocessing = 0;
		};
/* End PBXSourcesBuildPhase section */

/* Begin PBXTargetDependency section */
		6553EE102C20DA9400B0FDF5 /* PBXTargetDependency */ = {
			isa = PBXTargetDependency;
			target = 6553EDF42C20DA9200B0FDF5 /* Carb Counter */;
			targetProxy = 6553EE0F2C20DA9400B0FDF5 /* PBXContainerItemProxy */;
		};
		6553EE1A2C20DA9400B0FDF5 /* PBXTargetDependency */ = {
			isa = PBXTargetDependency;
			target = 6553EDF42C20DA9200B0FDF5 /* Carb Counter */;
			targetProxy = 6553EE192C20DA9400B0FDF5 /* PBXContainerItemProxy */;
		};
/* End PBXTargetDependency section */

/* Begin PBXVariantGroup section */
		6553EDFE2C20DA9200B0FDF5 /* Main.storyboard */ = {
			isa = PBXVariantGroup;
			children = (
				6553EDFF2C20DA9200B0FDF5 /* Base */,
			);
			name = Main.storyboard;
			sourceTree = "<group>";
		};
		6553EE062C20DA9400B0FDF5 /* LaunchScreen.storyboard */ = {
			isa = PBXVariantGroup;
			children = (
				6553EE072C20DA9400B0FDF5 /* Base */,
			);
			name = LaunchScreen.storyboard;
			sourceTree = "<group>";
		};
/* End PBXVariantGroup section */

/* Begin XCBuildConfiguration section */
		6553EE202C20DA9400B0FDF5 /* Debug */ = {
			isa = XCBuildConfiguration;
			buildSettings = {
				ALWAYS_SEARCH_USER_PATHS = NO;
				ASSETCATALOG_COMPILER_GENERATE_SWIFT_ASSET_SYMBOL_EXTENSIONS = YES;
				CLANG_ANALYZER_NONNULL = YES;
				CLANG_ANALYZER_NUMBER_OBJECT_CONVERSION = YES_AGGRESSIVE;
				CLANG_CXX_LANGUAGE_STANDARD = "gnu++20";
				CLANG_ENABLE_MODULES = YES;
				CLANG_ENABLE_OBJC_ARC = YES;
				CLANG_ENABLE_OBJC_WEAK = YES;
				CLANG_WARN_BLOCK_CAPTURE_AUTORELEASING = YES;
				CLANG_WARN_BOOL_CONVERSION = YES;
				CLANG_WARN_COMMA = YES;
				CLANG_WARN_CONSTANT_CONVERSION = YES;
				CLANG_WARN_DEPRECATED_OBJC_IMPLEMENTATIONS = YES;
				CLANG_WARN_DIRECT_OBJC_ISA_USAGE = YES_ERROR;
				CLANG_WARN_DOCUMENTATION_COMMENTS = YES;
				CLANG_WARN_EMPTY_BODY = YES;
				CLANG_WARN_ENUM_CONVERSION = YES;
				CLANG_WARN_INFINITE_RECURSION = YES;
				CLANG_WARN_INT_CONVERSION = YES;
				CLANG_WARN_NON_LITERAL_NULL_CONVERSION = YES;
				CLANG_WARN_OBJC_IMPLICIT_RETAIN_SELF = YES;
				CLANG_WARN_OBJC_LITERAL_CONVERSION = YES;
				CLANG_WARN_OBJC_ROOT_CLASS = YES_ERROR;
				CLANG_WARN_QUOTED_INCLUDE_IN_FRAMEWORK_HEADER = YES;
				CLANG_WARN_RANGE_LOOP_ANALYSIS = YES;
				CLANG_WARN_STRICT_PROTOTYPES = YES;
				CLANG_WARN_SUSPICIOUS_MOVE = YES;
				CLANG_WARN_UNGUARDED_AVAILABILITY = YES_AGGRESSIVE;
				CLANG_WARN_UNREACHABLE_CODE = YES;
				CLANG_WARN__DUPLICATE_METHOD_MATCH = YES;
				COPY_PHASE_STRIP = NO;
				DEBUG_INFORMATION_FORMAT = dwarf;
				ENABLE_STRICT_OBJC_MSGSEND = YES;
				ENABLE_TESTABILITY = YES;
				ENABLE_USER_SCRIPT_SANDBOXING = YES;
				GCC_C_LANGUAGE_STANDARD = gnu17;
				GCC_DYNAMIC_NO_PIC = NO;
				GCC_NO_COMMON_BLOCKS = YES;
				GCC_OPTIMIZATION_LEVEL = 0;
				GCC_PREPROCESSOR_DEFINITIONS = (
					"DEBUG=1",
					"$(inherited)",
				);
				GCC_WARN_64_TO_32_BIT_CONVERSION = YES;
				GCC_WARN_ABOUT_RETURN_TYPE = YES_ERROR;
				GCC_WARN_UNDECLARED_SELECTOR = YES;
				GCC_WARN_UNINITIALIZED_AUTOS = YES_AGGRESSIVE;
				GCC_WARN_UNUSED_FUNCTION = YES;
				GCC_WARN_UNUSED_VARIABLE = YES;
				IPHONEOS_DEPLOYMENT_TARGET = 17.2;
				LOCALIZATION_PREFERS_STRING_CATALOGS = YES;
				MTL_ENABLE_DEBUG_INFO = INCLUDE_SOURCE;
				MTL_FAST_MATH = YES;
				ONLY_ACTIVE_ARCH = YES;
				SDKROOT = iphoneos;
				SWIFT_ACTIVE_COMPILATION_CONDITIONS = "DEBUG $(inherited)";
				SWIFT_OPTIMIZATION_LEVEL = "-Onone";
			};
			name = Debug;
		};
		6553EE212C20DA9400B0FDF5 /* Release */ = {
			isa = XCBuildConfiguration;
			buildSettings = {
				ALWAYS_SEARCH_USER_PATHS = NO;
				ASSETCATALOG_COMPILER_GENERATE_SWIFT_ASSET_SYMBOL_EXTENSIONS = YES;
				CLANG_ANALYZER_NONNULL = YES;
				CLANG_ANALYZER_NUMBER_OBJECT_CONVERSION = YES_AGGRESSIVE;
				CLANG_CXX_LANGUAGE_STANDARD = "gnu++20";
				CLANG_ENABLE_MODULES = YES;
				CLANG_ENABLE_OBJC_ARC = YES;
				CLANG_ENABLE_OBJC_WEAK = YES;
				CLANG_WARN_BLOCK_CAPTURE_AUTORELEASING = YES;
				CLANG_WARN_BOOL_CONVERSION = YES;
				CLANG_WARN_COMMA = YES;
				CLANG_WARN_CONSTANT_CONVERSION = YES;
				CLANG_WARN_DEPRECATED_OBJC_IMPLEMENTATIONS = YES;
				CLANG_WARN_DIRECT_OBJC_ISA_USAGE = YES_ERROR;
				CLANG_WARN_DOCUMENTATION_COMMENTS = YES;
				CLANG_WARN_EMPTY_BODY = YES;
				CLANG_WARN_ENUM_CONVERSION = YES;
				CLANG_WARN_INFINITE_RECURSION = YES;
				CLANG_WARN_INT_CONVERSION = YES;
				CLANG_WARN_NON_LITERAL_NULL_CONVERSION = YES;
				CLANG_WARN_OBJC_IMPLICIT_RETAIN_SELF = YES;
				CLANG_WARN_OBJC_LITERAL_CONVERSION = YES;
				CLANG_WARN_OBJC_ROOT_CLASS = YES_ERROR;
				CLANG_WARN_QUOTED_INCLUDE_IN_FRAMEWORK_HEADER = YES;
				CLANG_WARN_RANGE_LOOP_ANALYSIS = YES;
				CLANG_WARN_STRICT_PROTOTYPES = YES;
				CLANG_WARN_SUSPICIOUS_MOVE = YES;
				CLANG_WARN_UNGUARDED_AVAILABILITY = YES_AGGRESSIVE;
				CLANG_WARN_UNREACHABLE_CODE = YES;
				CLANG_WARN__DUPLICATE_METHOD_MATCH = YES;
				COPY_PHASE_STRIP = NO;
				DEBUG_INFORMATION_FORMAT = "dwarf-with-dsym";
				ENABLE_NS_ASSERTIONS = NO;
				ENABLE_STRICT_OBJC_MSGSEND = YES;
				ENABLE_USER_SCRIPT_SANDBOXING = YES;
				GCC_C_LANGUAGE_STANDARD = gnu17;
				GCC_NO_COMMON_BLOCKS = YES;
				GCC_WARN_64_TO_32_BIT_CONVERSION = YES;
				GCC_WARN_ABOUT_RETURN_TYPE = YES_ERROR;
				GCC_WARN_UNDECLARED_SELECTOR = YES;
				GCC_WARN_UNINITIALIZED_AUTOS = YES_AGGRESSIVE;
				GCC_WARN_UNUSED_FUNCTION = YES;
				GCC_WARN_UNUSED_VARIABLE = YES;
				IPHONEOS_DEPLOYMENT_TARGET = 17.2;
				LOCALIZATION_PREFERS_STRING_CATALOGS = YES;
				MTL_ENABLE_DEBUG_INFO = NO;
				MTL_FAST_MATH = YES;
				SDKROOT = iphoneos;
				SWIFT_COMPILATION_MODE = wholemodule;
				VALIDATE_PRODUCT = YES;
			};
			name = Release;
		};
		6553EE232C20DA9400B0FDF5 /* Debug */ = {
			isa = XCBuildConfiguration;
			buildSettings = {
				ASSETCATALOG_COMPILER_APPICON_NAME = AppIcon;
				ASSETCATALOG_COMPILER_GLOBAL_ACCENT_COLOR_NAME = AccentColor;
				CODE_SIGN_STYLE = Automatic;
				CURRENT_PROJECT_VERSION = 1;
				DEVELOPMENT_TEAM = RMSRR5SURS;
				GENERATE_INFOPLIST_FILE = YES;
				INFOPLIST_FILE = "Carb Counter/Info.plist";
				INFOPLIST_KEY_UIApplicationSupportsIndirectInputEvents = YES;
				INFOPLIST_KEY_UILaunchStoryboardName = LaunchScreen;
				INFOPLIST_KEY_UIMainStoryboardFile = Main;
				INFOPLIST_KEY_UISupportedInterfaceOrientations_iPad = "UIInterfaceOrientationPortrait UIInterfaceOrientationPortraitUpsideDown UIInterfaceOrientationLandscapeLeft UIInterfaceOrientationLandscapeRight";
				INFOPLIST_KEY_UISupportedInterfaceOrientations_iPhone = "UIInterfaceOrientationPortrait UIInterfaceOrientationLandscapeLeft UIInterfaceOrientationLandscapeRight";
				LD_RUNPATH_SEARCH_PATHS = (
					"$(inherited)",
					"@executable_path/Frameworks",
				);
				MARKETING_VERSION = 1.0;
				PRODUCT_BUNDLE_IDENTIFIER = "dsnallfot.Carb-Counter";
				PRODUCT_NAME = "$(TARGET_NAME)";
				SWIFT_EMIT_LOC_STRINGS = YES;
				SWIFT_VERSION = 5.0;
				TARGETED_DEVICE_FAMILY = "1,2";
			};
			name = Debug;
		};
		6553EE242C20DA9400B0FDF5 /* Release */ = {
			isa = XCBuildConfiguration;
			buildSettings = {
				ASSETCATALOG_COMPILER_APPICON_NAME = AppIcon;
				ASSETCATALOG_COMPILER_GLOBAL_ACCENT_COLOR_NAME = AccentColor;
				CODE_SIGN_STYLE = Automatic;
				CURRENT_PROJECT_VERSION = 1;
				DEVELOPMENT_TEAM = RMSRR5SURS;
				GENERATE_INFOPLIST_FILE = YES;
				INFOPLIST_FILE = "Carb Counter/Info.plist";
				INFOPLIST_KEY_UIApplicationSupportsIndirectInputEvents = YES;
				INFOPLIST_KEY_UILaunchStoryboardName = LaunchScreen;
				INFOPLIST_KEY_UIMainStoryboardFile = Main;
				INFOPLIST_KEY_UISupportedInterfaceOrientations_iPad = "UIInterfaceOrientationPortrait UIInterfaceOrientationPortraitUpsideDown UIInterfaceOrientationLandscapeLeft UIInterfaceOrientationLandscapeRight";
				INFOPLIST_KEY_UISupportedInterfaceOrientations_iPhone = "UIInterfaceOrientationPortrait UIInterfaceOrientationLandscapeLeft UIInterfaceOrientationLandscapeRight";
				LD_RUNPATH_SEARCH_PATHS = (
					"$(inherited)",
					"@executable_path/Frameworks",
				);
				MARKETING_VERSION = 1.0;
				PRODUCT_BUNDLE_IDENTIFIER = "dsnallfot.Carb-Counter";
				PRODUCT_NAME = "$(TARGET_NAME)";
				SWIFT_EMIT_LOC_STRINGS = YES;
				SWIFT_VERSION = 5.0;
				TARGETED_DEVICE_FAMILY = "1,2";
			};
			name = Release;
		};
		6553EE262C20DA9400B0FDF5 /* Debug */ = {
			isa = XCBuildConfiguration;
			buildSettings = {
				ALWAYS_EMBED_SWIFT_STANDARD_LIBRARIES = YES;
				BUNDLE_LOADER = "$(TEST_HOST)";
				CODE_SIGN_STYLE = Automatic;
				CURRENT_PROJECT_VERSION = 1;
				DEVELOPMENT_TEAM = RMSRR5SURS;
				GENERATE_INFOPLIST_FILE = YES;
				IPHONEOS_DEPLOYMENT_TARGET = 17.2;
				MARKETING_VERSION = 1.0;
				PRODUCT_BUNDLE_IDENTIFIER = "dsnallfot.Carb-CounterTests";
				PRODUCT_NAME = "$(TARGET_NAME)";
				SWIFT_EMIT_LOC_STRINGS = NO;
				SWIFT_VERSION = 5.0;
				TARGETED_DEVICE_FAMILY = "1,2";
				TEST_HOST = "$(BUILT_PRODUCTS_DIR)/Carb Counter.app/$(BUNDLE_EXECUTABLE_FOLDER_PATH)/Carb Counter";
			};
			name = Debug;
		};
		6553EE272C20DA9400B0FDF5 /* Release */ = {
			isa = XCBuildConfiguration;
			buildSettings = {
				ALWAYS_EMBED_SWIFT_STANDARD_LIBRARIES = YES;
				BUNDLE_LOADER = "$(TEST_HOST)";
				CODE_SIGN_STYLE = Automatic;
				CURRENT_PROJECT_VERSION = 1;
				DEVELOPMENT_TEAM = RMSRR5SURS;
				GENERATE_INFOPLIST_FILE = YES;
				IPHONEOS_DEPLOYMENT_TARGET = 17.2;
				MARKETING_VERSION = 1.0;
				PRODUCT_BUNDLE_IDENTIFIER = "dsnallfot.Carb-CounterTests";
				PRODUCT_NAME = "$(TARGET_NAME)";
				SWIFT_EMIT_LOC_STRINGS = NO;
				SWIFT_VERSION = 5.0;
				TARGETED_DEVICE_FAMILY = "1,2";
				TEST_HOST = "$(BUILT_PRODUCTS_DIR)/Carb Counter.app/$(BUNDLE_EXECUTABLE_FOLDER_PATH)/Carb Counter";
			};
			name = Release;
		};
		6553EE292C20DA9400B0FDF5 /* Debug */ = {
			isa = XCBuildConfiguration;
			buildSettings = {
				ALWAYS_EMBED_SWIFT_STANDARD_LIBRARIES = YES;
				CODE_SIGN_STYLE = Automatic;
				CURRENT_PROJECT_VERSION = 1;
				DEVELOPMENT_TEAM = RMSRR5SURS;
				GENERATE_INFOPLIST_FILE = YES;
				MARKETING_VERSION = 1.0;
				PRODUCT_BUNDLE_IDENTIFIER = "dsnallfot.Carb-CounterUITests";
				PRODUCT_NAME = "$(TARGET_NAME)";
				SWIFT_EMIT_LOC_STRINGS = NO;
				SWIFT_VERSION = 5.0;
				TARGETED_DEVICE_FAMILY = "1,2";
				TEST_TARGET_NAME = "Carb Counter";
			};
			name = Debug;
		};
		6553EE2A2C20DA9400B0FDF5 /* Release */ = {
			isa = XCBuildConfiguration;
			buildSettings = {
				ALWAYS_EMBED_SWIFT_STANDARD_LIBRARIES = YES;
				CODE_SIGN_STYLE = Automatic;
				CURRENT_PROJECT_VERSION = 1;
				DEVELOPMENT_TEAM = RMSRR5SURS;
				GENERATE_INFOPLIST_FILE = YES;
				MARKETING_VERSION = 1.0;
				PRODUCT_BUNDLE_IDENTIFIER = "dsnallfot.Carb-CounterUITests";
				PRODUCT_NAME = "$(TARGET_NAME)";
				SWIFT_EMIT_LOC_STRINGS = NO;
				SWIFT_VERSION = 5.0;
				TARGETED_DEVICE_FAMILY = "1,2";
				TEST_TARGET_NAME = "Carb Counter";
			};
			name = Release;
		};
/* End XCBuildConfiguration section */

/* Begin XCConfigurationList section */
		6553EDF02C20DA9100B0FDF5 /* Build configuration list for PBXProject "Carb Counter" */ = {
			isa = XCConfigurationList;
			buildConfigurations = (
				6553EE202C20DA9400B0FDF5 /* Debug */,
				6553EE212C20DA9400B0FDF5 /* Release */,
			);
			defaultConfigurationIsVisible = 0;
			defaultConfigurationName = Release;
		};
		6553EE222C20DA9400B0FDF5 /* Build configuration list for PBXNativeTarget "Carb Counter" */ = {
			isa = XCConfigurationList;
			buildConfigurations = (
				6553EE232C20DA9400B0FDF5 /* Debug */,
				6553EE242C20DA9400B0FDF5 /* Release */,
			);
			defaultConfigurationIsVisible = 0;
			defaultConfigurationName = Release;
		};
		6553EE252C20DA9400B0FDF5 /* Build configuration list for PBXNativeTarget "Carb CounterTests" */ = {
			isa = XCConfigurationList;
			buildConfigurations = (
				6553EE262C20DA9400B0FDF5 /* Debug */,
				6553EE272C20DA9400B0FDF5 /* Release */,
			);
			defaultConfigurationIsVisible = 0;
			defaultConfigurationName = Release;
		};
		6553EE282C20DA9400B0FDF5 /* Build configuration list for PBXNativeTarget "Carb CounterUITests" */ = {
			isa = XCConfigurationList;
			buildConfigurations = (
				6553EE292C20DA9400B0FDF5 /* Debug */,
				6553EE2A2C20DA9400B0FDF5 /* Release */,
			);
			defaultConfigurationIsVisible = 0;
			defaultConfigurationName = Release;
		};
/* End XCConfigurationList section */

/* Begin XCVersionGroup section */
		6553EE012C20DA9200B0FDF5 /* Carb_Counter.xcdatamodeld */ = {
			isa = XCVersionGroup;
			children = (
				6553EE022C20DA9200B0FDF5 /* Carb_Counter.xcdatamodel */,
			);
			currentVersion = 6553EE022C20DA9200B0FDF5 /* Carb_Counter.xcdatamodel */;
			path = Carb_Counter.xcdatamodeld;
			sourceTree = "<group>";
			versionGroupType = wrapper.xcdatamodel;
		};
/* End XCVersionGroup section */
	};
	rootObject = 6553EDED2C20DA9100B0FDF5 /* Project object */;
}
