// !$*UTF8*$!
{
	archiveVersion = 1;
	classes = {
	};
	objectVersion = 63;
	objects = {

/* Begin PBXBuildFile section */
		5A24B6422CB5061C00A8786D /* NightscoutWebViewController.swift in Sources */ = {isa = PBXBuildFile; fileRef = 5A24B6412CB5061C00A8786D /* NightscoutWebViewController.swift */; };
		5ACF73432CAFEAF700C48000 /* ISEmojiView in Frameworks */ = {isa = PBXBuildFile; productRef = 5ACF73422CAFEAF700C48000 /* ISEmojiView */; };
		5AF082AC2CD0E8E4000BAD75 /* CreateMealHistoryIntent.swift in Sources */ = {isa = PBXBuildFile; fileRef = 5AF082AB2CD0E8E4000BAD75 /* CreateMealHistoryIntent.swift */; };
		6502A99D2C29681E00414DC0 /* MealHistoryViewController.swift in Sources */ = {isa = PBXBuildFile; fileRef = 6502A99C2C29681E00414DC0 /* MealHistoryViewController.swift */; };
		6502A99F2C29754D00414DC0 /* MealHistoryDetailViewController.swift in Sources */ = {isa = PBXBuildFile; fileRef = 6502A99E2C29754D00414DC0 /* MealHistoryDetailViewController.swift */; };
		650EF4142C3CA05800ADF8B0 /* CustomTabBarController.swift in Sources */ = {isa = PBXBuildFile; fileRef = 650EF4132C3CA05800ADF8B0 /* CustomTabBarController.swift */; };
		6518ACB02C2428BF00C3BF63 /* Assets.xcassets in Resources */ = {isa = PBXBuildFile; fileRef = 6553EE042C20DA9400B0FDF5 /* Assets.xcassets */; };
		651B57B02CDFCA7700F6ABD2 /* FinishMealManager.swift in Sources */ = {isa = PBXBuildFile; fileRef = 651B57AF2CDFCA6E00F6ABD2 /* FinishMealManager.swift */; };
		6520898B2C661EBD00B85643 /* MealViewController.swift in Sources */ = {isa = PBXBuildFile; fileRef = 6520898A2C661EBD00B85643 /* MealViewController.swift */; };
		6522DDC02C9AB6C300C0BF49 /* EditRegistrationPopoverView.swift in Sources */ = {isa = PBXBuildFile; fileRef = 6522DDBF2C9AB6C300C0BF49 /* EditRegistrationPopoverView.swift */; };
		6522DDC22C9AB6E700C0BF49 /* UIHostingController.swift in Sources */ = {isa = PBXBuildFile; fileRef = 6522DDC12C9AB6E700C0BF49 /* UIHostingController.swift */; };
		652891CB2C33FF2C008B8BCA /* ScannerViewController.swift in Sources */ = {isa = PBXBuildFile; fileRef = 652891CA2C33FF2C008B8BCA /* ScannerViewController.swift */; };
		65380D2F2CB284CF00BF635E /* TooltipMarkerView.swift in Sources */ = {isa = PBXBuildFile; fileRef = 65380D2E2CB284CF00BF635E /* TooltipMarkerView.swift */; };
		653DE7A02C27520700A639D1 /* DataSharingViewController.swift in Sources */ = {isa = PBXBuildFile; fileRef = 653DE79F2C27520700A639D1 /* DataSharingViewController.swift */; };
		653DE7A42C278F7700A639D1 /* Twilio.swift in Sources */ = {isa = PBXBuildFile; fileRef = 653DE7A32C278F7600A639D1 /* Twilio.swift */; };
		653DE7A62C27930F00A639D1 /* RemoteSettingsViewController.swift in Sources */ = {isa = PBXBuildFile; fileRef = 653DE7A52C27930F00A639D1 /* RemoteSettingsViewController.swift */; };
		653DE7A82C27937B00A639D1 /* UserDefaultsRepository.swift in Sources */ = {isa = PBXBuildFile; fileRef = 653DE7A72C27937B00A639D1 /* UserDefaultsRepository.swift */; };
		654EAF972CDA48A400C5D87A /* PreBolusManager.swift in Sources */ = {isa = PBXBuildFile; fileRef = 654EAF962CDA48A100C5D87A /* PreBolusManager.swift */; };
		654EAF992CDA5D8600C5D87A /* NotificationViewController.swift in Sources */ = {isa = PBXBuildFile; fileRef = 654EAF982CDA5D8400C5D87A /* NotificationViewController.swift */; };
		6553EDF92C20DA9200B0FDF5 /* AppDelegate.swift in Sources */ = {isa = PBXBuildFile; fileRef = 6553EDF82C20DA9200B0FDF5 /* AppDelegate.swift */; };
		6553EDFB2C20DA9200B0FDF5 /* SceneDelegate.swift in Sources */ = {isa = PBXBuildFile; fileRef = 6553EDFA2C20DA9200B0FDF5 /* SceneDelegate.swift */; };
		6553EE002C20DA9200B0FDF5 /* Main.storyboard in Resources */ = {isa = PBXBuildFile; fileRef = 6553EDFE2C20DA9200B0FDF5 /* Main.storyboard */; };
		6553EE032C20DA9200B0FDF5 /* CarbsCounter.xcdatamodeld in Sources */ = {isa = PBXBuildFile; fileRef = 6553EE012C20DA9200B0FDF5 /* CarbsCounter.xcdatamodeld */; };
		6553EE082C20DA9400B0FDF5 /* LaunchScreen.storyboard in Resources */ = {isa = PBXBuildFile; fileRef = 6553EE062C20DA9400B0FDF5 /* LaunchScreen.storyboard */; };
		6553EE302C20DEA600B0FDF5 /* FoodItemsListViewController.swift in Sources */ = {isa = PBXBuildFile; fileRef = 6553EE2F2C20DEA600B0FDF5 /* FoodItemsListViewController.swift */; };
		6553EE322C20DF4B00B0FDF5 /* ComposeMealViewController.swift in Sources */ = {isa = PBXBuildFile; fileRef = 6553EE312C20DF4B00B0FDF5 /* ComposeMealViewController.swift */; };
		6553EE342C20E58B00B0FDF5 /* HomeViewController.swift in Sources */ = {isa = PBXBuildFile; fileRef = 6553EE332C20E58B00B0FDF5 /* HomeViewController.swift */; };
		6553EE362C20EF2600B0FDF5 /* AddFoodItemViewController.swift in Sources */ = {isa = PBXBuildFile; fileRef = 6553EE352C20EF2600B0FDF5 /* AddFoodItemViewController.swift */; };
		6553EE4A2C22E85400B0FDF5 /* FoodItemRowView.swift in Sources */ = {isa = PBXBuildFile; fileRef = 6553EE492C22E85400B0FDF5 /* FoodItemRowView.swift */; };
		6553EE502C238D2E00B0FDF5 /* FoodItemTableViewCell.swift in Sources */ = {isa = PBXBuildFile; fileRef = 6553EE4F2C238D2E00B0FDF5 /* FoodItemTableViewCell.swift */; };
		656C64A52C6C007000431374 /* Localizable.strings in Resources */ = {isa = PBXBuildFile; fileRef = 656C64A32C6C007000431374 /* Localizable.strings */; };
		658302172CDABFA3000BC0AD /* commit_hash.txt in Resources */ = {isa = PBXBuildFile; fileRef = 658302162CDABFA3000BC0AD /* commit_hash.txt */; };
		658302192CDAD461000BC0AD /* ConnectionsViewController.swift in Sources */ = {isa = PBXBuildFile; fileRef = 658302182CDAD456000BC0AD /* ConnectionsViewController.swift */; };
		6583021B2CDB9054000BC0AD /* UpdateView.swift in Sources */ = {isa = PBXBuildFile; fileRef = 6583021A2CDB904F000BC0AD /* UpdateView.swift */; };
		659632852C2436470098DF69 /* launch.png in Resources */ = {isa = PBXBuildFile; fileRef = 659632842C2436470098DF69 /* launch.png */; };
		65BAB4E62C5947A80055638D /* SearchableDropdownViewController.swift in Sources */ = {isa = PBXBuildFile; fileRef = 65BAB4E52C5947A80055638D /* SearchableDropdownViewController.swift */; };
		65BAB4E82C5A95650055638D /* RSSFeedViewController.swift in Sources */ = {isa = PBXBuildFile; fileRef = 65BAB4E72C5A95650055638D /* RSSFeedViewController.swift */; };
		65BAB4EE2C5AE76C0055638D /* RSSHelper.swift in Sources */ = {isa = PBXBuildFile; fileRef = 65BAB4ED2C5AE76B0055638D /* RSSHelper.swift */; };
		65BE764B2CA2C134005EAFE2 /* GradientView.swift in Sources */ = {isa = PBXBuildFile; fileRef = 65BE764A2CA2C134005EAFE2 /* GradientView.swift */; };
		65BE764F2CA2C54E005EAFE2 /* Formatters.swift in Sources */ = {isa = PBXBuildFile; fileRef = 65BE764E2CA2C54E005EAFE2 /* Formatters.swift */; };
		65C75CF62C255C8F00114BD3 /* CoreDataStack.swift in Sources */ = {isa = PBXBuildFile; fileRef = 65C75CF52C255C8F00114BD3 /* CoreDataStack.swift */; };
		65C75CF82C255D6900114BD3 /* FavoriteMealsViewController.swift in Sources */ = {isa = PBXBuildFile; fileRef = 65C75CF72C255D6900114BD3 /* FavoriteMealsViewController.swift */; };
		65C75CFA2C256FA700114BD3 /* FavoriteMealDetailViewController.swift in Sources */ = {isa = PBXBuildFile; fileRef = 65C75CF92C256FA700114BD3 /* FavoriteMealDetailViewController.swift */; };
		65C75CFC2C25962E00114BD3 /* SettingsViewController.swift in Sources */ = {isa = PBXBuildFile; fileRef = 65C75CFB2C25962E00114BD3 /* SettingsViewController.swift */; };
		65C75CFE2C25966200114BD3 /* CarbRatioViewController.swift in Sources */ = {isa = PBXBuildFile; fileRef = 65C75CFD2C25966100114BD3 /* CarbRatioViewController.swift */; };
		65C75D002C25967C00114BD3 /* StartDoseViewController.swift in Sources */ = {isa = PBXBuildFile; fileRef = 65C75CFF2C25967C00114BD3 /* StartDoseViewController.swift */; };
		65C75D022C2597FC00114BD3 /* CoreDataHelper.swift in Sources */ = {isa = PBXBuildFile; fileRef = 65C75D012C2597FC00114BD3 /* CoreDataHelper.swift */; };
		65D138A92C4017E400FAE6BF /* OngoingMealViewController.swift in Sources */ = {isa = PBXBuildFile; fileRef = 65D138A82C4017E400FAE6BF /* OngoingMealViewController.swift */; };
		65D138AB2C43DEBD00FAE6BF /* LoadingViewController.swift in Sources */ = {isa = PBXBuildFile; fileRef = 65D138AA2C43DEBD00FAE6BF /* LoadingViewController.swift */; };
		65D185722CB13B2D00E82D51 /* SuccessView.swift in Sources */ = {isa = PBXBuildFile; fileRef = 65D185712CB13B2D00E82D51 /* SuccessView.swift */; };
		65D185752CB27AB900E82D51 /* DGCharts in Frameworks */ = {isa = PBXBuildFile; productRef = 65D185742CB27AB900E82D51 /* DGCharts */; };
		65D2B06C2CA9760000C0AF80 /* MealInsightsViewController.swift in Sources */ = {isa = PBXBuildFile; fileRef = 65D2B06B2CA9760000C0AF80 /* MealInsightsViewController.swift */; };
		65D508C42CE73FD90023E29B /* PushMessage.swift in Sources */ = {isa = PBXBuildFile; fileRef = 65D508C32CE73FD60023E29B /* PushMessage.swift */; };
		65D508C62CE7400B0023E29B /* PushNotificationManager.swift in Sources */ = {isa = PBXBuildFile; fileRef = 65D508C52CE740080023E29B /* PushNotificationManager.swift */; };
		65D508D02CE77C250023E29B /* SwiftJWT in Frameworks */ = {isa = PBXBuildFile; productRef = 65D508CF2CE77C250023E29B /* SwiftJWT */; };
		65D508D22CE77C8E0023E29B /* NSProfile.swift in Sources */ = {isa = PBXBuildFile; fileRef = 65D508D12CE77C8C0023E29B /* NSProfile.swift */; };
		65D508D42CE77CC00023E29B /* ProfileManager.swift in Sources */ = {isa = PBXBuildFile; fileRef = 65D508D32CE77CBF0023E29B /* ProfileManager.swift */; };
		65D508D62CE77D1D0023E29B /* TRCCommandType.swift in Sources */ = {isa = PBXBuildFile; fileRef = 65D508D52CE77D1B0023E29B /* TRCCommandType.swift */; };
		65D508D82CE77D450023E29B /* OverrideView.swift in Sources */ = {isa = PBXBuildFile; fileRef = 65D508D72CE77D430023E29B /* OverrideView.swift */; };
		65D508DA2CE77D6C0023E29B /* MealView.swift in Sources */ = {isa = PBXBuildFile; fileRef = 65D508D92CE77D6A0023E29B /* MealView.swift */; };
		65D508DC2CE77E260023E29B /* TrioNightscoutRemoteView.swift in Sources */ = {isa = PBXBuildFile; fileRef = 65D508DB2CE77E240023E29B /* TrioNightscoutRemoteView.swift */; };
		65D508DE2CE77E5E0023E29B /* RemoteSettingsViewModel.swift in Sources */ = {isa = PBXBuildFile; fileRef = 65D508DD2CE77E5C0023E29B /* RemoteSettingsViewModel.swift */; };
		65D508E02CE77EAA0023E29B /* HKUnit+Extensions.swift in Sources */ = {isa = PBXBuildFile; fileRef = 65D508DF2CE77EA80023E29B /* HKUnit+Extensions.swift */; };
		65D508E22CE77F5B0023E29B /* SecureStorageValue.swift in Sources */ = {isa = PBXBuildFile; fileRef = 65D508E12CE77F590023E29B /* SecureStorageValue.swift */; };
		65D508E42CE77F8C0023E29B /* Storage.swift in Sources */ = {isa = PBXBuildFile; fileRef = 65D508E32CE77F8A0023E29B /* Storage.swift */; };
		65D508E62CE77FBC0023E29B /* StorageValue.swift in Sources */ = {isa = PBXBuildFile; fileRef = 65D508E52CE77FBB0023E29B /* StorageValue.swift */; };
		65D508E82CE79C0C0023E29B /* RemoteSettingsView.swift in Sources */ = {isa = PBXBuildFile; fileRef = 65D508E72CE79C040023E29B /* RemoteSettingsView.swift */; };
		65D508EA2CE79C5D0023E29B /* TextFieldWithToolBar.swift in Sources */ = {isa = PBXBuildFile; fileRef = 65D508E92CE79C5C0023E29B /* TextFieldWithToolBar.swift */; };
		65D508EC2CE79CDF0023E29B /* ErrorMessageView.swift in Sources */ = {isa = PBXBuildFile; fileRef = 65D508EB2CE79CDD0023E29B /* ErrorMessageView.swift */; };
		65D508EE2CE79D2D0023E29B /* ObservableUserDefaults.swift in Sources */ = {isa = PBXBuildFile; fileRef = 65D508ED2CE79D2B0023E29B /* ObservableUserDefaults.swift */; };
		65D508F02CE79D490023E29B /* ObservableUserDefaultsValue.swift in Sources */ = {isa = PBXBuildFile; fileRef = 65D508EF2CE79D470023E29B /* ObservableUserDefaultsValue.swift */; };
		65D508F22CE79D920023E29B /* UserDefaultsValue.swift in Sources */ = {isa = PBXBuildFile; fileRef = 65D508F12CE79D900023E29B /* UserDefaultsValue.swift */; };
		65D508F42CE79DE40023E29B /* AnyConvertible.swift in Sources */ = {isa = PBXBuildFile; fileRef = 65D508F32CE79DDC0023E29B /* AnyConvertible.swift */; };
		65D508F62CE79E090023E29B /* UserDefaultsValueGroups.swift in Sources */ = {isa = PBXBuildFile; fileRef = 65D508F52CE79E080023E29B /* UserDefaultsValueGroups.swift */; };
		65D508F82CE79E400023E29B /* AppConstants.swift in Sources */ = {isa = PBXBuildFile; fileRef = 65D508F72CE79E3E0023E29B /* AppConstants.swift */; };
		65D508FA2CE79E720023E29B /* ObservationToken.swift in Sources */ = {isa = PBXBuildFile; fileRef = 65D508F92CE79E700023E29B /* ObservationToken.swift */; };
		65D508FC2CE79EBF0023E29B /* TempTargetPresetManager.swift in Sources */ = {isa = PBXBuildFile; fileRef = 65D508FB2CE79EBE0023E29B /* TempTargetPresetManager.swift */; };
		65D508FE2CE79EE00023E29B /* TempTargetPreset.swift in Sources */ = {isa = PBXBuildFile; fileRef = 65D508FD2CE79EDF0023E29B /* TempTargetPreset.swift */; };
		65D509002CE79F490023E29B /* Observable.swift in Sources */ = {isa = PBXBuildFile; fileRef = 65D508FF2CE79F470023E29B /* Observable.swift */; };
		65D509022CE79F730023E29B /* ObservableValue.swift in Sources */ = {isa = PBXBuildFile; fileRef = 65D509012CE79F710023E29B /* ObservableValue.swift */; };
		65D509042CE79FCC0023E29B /* Units.swift in Sources */ = {isa = PBXBuildFile; fileRef = 65D509032CE79FCB0023E29B /* Units.swift */; };
		65D509062CE7A0FF0023E29B /* UserDefaults.swift in Sources */ = {isa = PBXBuildFile; fileRef = 65D509052CE7A0FD0023E29B /* UserDefaults.swift */; };
		65D509082CE7A2050023E29B /* GlucoseConversion.swift in Sources */ = {isa = PBXBuildFile; fileRef = 65D509072CE7A2030023E29B /* GlucoseConversion.swift */; };
		65D5090A2CE7A26E0023E29B /* TrioNightscoutRemoteController.swift in Sources */ = {isa = PBXBuildFile; fileRef = 65D509092CE7A26C0023E29B /* TrioNightscoutRemoteController.swift */; };
		65D5090C2CE7A29E0023E29B /* TreatmentResponse.swift in Sources */ = {isa = PBXBuildFile; fileRef = 65D5090B2CE7A2970023E29B /* TreatmentResponse.swift */; };
		65D5090E2CE7A2F30023E29B /* NightscoutUtils.swift in Sources */ = {isa = PBXBuildFile; fileRef = 65D5090D2CE7A2F20023E29B /* NightscoutUtils.swift */; };
		65D509102CE7A3A60023E29B /* HKQuantityInputView.swift in Sources */ = {isa = PBXBuildFile; fileRef = 65D5090F2CE7A3A50023E29B /* HKQuantityInputView.swift */; };
		65D509122CE7A3CE0023E29B /* LoadingButtonView.swift in Sources */ = {isa = PBXBuildFile; fileRef = 65D509112CE7A3CD0023E29B /* LoadingButtonView.swift */; };
		65D509142CE8BFB10023E29B /* Profile.swift in Sources */ = {isa = PBXBuildFile; fileRef = 65D509132CE8BFAF0023E29B /* Profile.swift */; };
		65D509192CE949350023E29B /* Overrides.swift in Sources */ = {isa = PBXBuildFile; fileRef = 65D509182CE949330023E29B /* Overrides.swift */; };
		65D5091B2CE94A430023E29B /* Treatments.swift in Sources */ = {isa = PBXBuildFile; fileRef = 65D5091A2CE94A400023E29B /* Treatments.swift */; };
		65D5091D2CE94A900023E29B /* DateTime.swift in Sources */ = {isa = PBXBuildFile; fileRef = 65D5091C2CE94A8E0023E29B /* DateTime.swift */; };
		65F217092C34BF3E00AEC8CB /* NightscoutManager.swift in Sources */ = {isa = PBXBuildFile; fileRef = 65F217082C34BF3E00AEC8CB /* NightscoutManager.swift */; };
		65F8E8D42C6775E100FDCF05 /* UpdateRegisteredAmountIntent.swift in Sources */ = {isa = PBXBuildFile; fileRef = 65F8E8D32C6775E100FDCF05 /* UpdateRegisteredAmountIntent.swift */; };
/* End PBXBuildFile section */

/* Begin PBXFileReference section */
		5A24B6412CB5061C00A8786D /* NightscoutWebViewController.swift */ = {isa = PBXFileReference; lastKnownFileType = sourcecode.swift; path = NightscoutWebViewController.swift; sourceTree = "<group>"; };
		5AF082AB2CD0E8E4000BAD75 /* CreateMealHistoryIntent.swift */ = {isa = PBXFileReference; lastKnownFileType = sourcecode.swift; path = CreateMealHistoryIntent.swift; sourceTree = "<group>"; };
		6502A99C2C29681E00414DC0 /* MealHistoryViewController.swift */ = {isa = PBXFileReference; lastKnownFileType = sourcecode.swift; path = MealHistoryViewController.swift; sourceTree = "<group>"; };
		6502A99E2C29754D00414DC0 /* MealHistoryDetailViewController.swift */ = {isa = PBXFileReference; lastKnownFileType = sourcecode.swift; path = MealHistoryDetailViewController.swift; sourceTree = "<group>"; };
		650EF4132C3CA05800ADF8B0 /* CustomTabBarController.swift */ = {isa = PBXFileReference; lastKnownFileType = sourcecode.swift; path = CustomTabBarController.swift; sourceTree = "<group>"; };
		651B57AF2CDFCA6E00F6ABD2 /* FinishMealManager.swift */ = {isa = PBXFileReference; lastKnownFileType = sourcecode.swift; path = FinishMealManager.swift; sourceTree = "<group>"; };
		6520898A2C661EBD00B85643 /* MealViewController.swift */ = {isa = PBXFileReference; lastKnownFileType = sourcecode.swift; path = MealViewController.swift; sourceTree = "<group>"; };
		6522DDBF2C9AB6C300C0BF49 /* EditRegistrationPopoverView.swift */ = {isa = PBXFileReference; lastKnownFileType = sourcecode.swift; path = EditRegistrationPopoverView.swift; sourceTree = "<group>"; };
		6522DDC12C9AB6E700C0BF49 /* UIHostingController.swift */ = {isa = PBXFileReference; lastKnownFileType = sourcecode.swift; path = UIHostingController.swift; sourceTree = "<group>"; };
		65231E842C283DA300D78667 /* CarbsCounter.entitlements */ = {isa = PBXFileReference; lastKnownFileType = text.plist.entitlements; path = CarbsCounter.entitlements; sourceTree = "<group>"; };
		652891CA2C33FF2C008B8BCA /* ScannerViewController.swift */ = {isa = PBXFileReference; lastKnownFileType = sourcecode.swift; path = ScannerViewController.swift; sourceTree = "<group>"; };
		65380D2E2CB284CF00BF635E /* TooltipMarkerView.swift */ = {isa = PBXFileReference; lastKnownFileType = sourcecode.swift; path = TooltipMarkerView.swift; sourceTree = "<group>"; };
		653A93792C6BE35900AA10EE /* en */ = {isa = PBXFileReference; lastKnownFileType = text.plist.strings; name = en; path = en.lproj/Main.strings; sourceTree = "<group>"; };
		653A937A2C6BE35900AA10EE /* en */ = {isa = PBXFileReference; lastKnownFileType = text.plist.strings; name = en; path = en.lproj/LaunchScreen.strings; sourceTree = "<group>"; };
		653DE79F2C27520700A639D1 /* DataSharingViewController.swift */ = {isa = PBXFileReference; lastKnownFileType = sourcecode.swift; path = DataSharingViewController.swift; sourceTree = "<group>"; };
		653DE7A32C278F7600A639D1 /* Twilio.swift */ = {isa = PBXFileReference; lastKnownFileType = sourcecode.swift; path = Twilio.swift; sourceTree = "<group>"; };
		653DE7A52C27930F00A639D1 /* RemoteSettingsViewController.swift */ = {isa = PBXFileReference; lastKnownFileType = sourcecode.swift; path = RemoteSettingsViewController.swift; sourceTree = "<group>"; };
		653DE7A72C27937B00A639D1 /* UserDefaultsRepository.swift */ = {isa = PBXFileReference; lastKnownFileType = sourcecode.swift; path = UserDefaultsRepository.swift; sourceTree = "<group>"; };
		654EAF962CDA48A100C5D87A /* PreBolusManager.swift */ = {isa = PBXFileReference; lastKnownFileType = sourcecode.swift; path = PreBolusManager.swift; sourceTree = "<group>"; };
		654EAF982CDA5D8400C5D87A /* NotificationViewController.swift */ = {isa = PBXFileReference; lastKnownFileType = sourcecode.swift; path = NotificationViewController.swift; sourceTree = "<group>"; };
		6553EDF52C20DA9200B0FDF5 /* Carb Counter.app */ = {isa = PBXFileReference; explicitFileType = wrapper.application; includeInIndex = 0; path = "Carb Counter.app"; sourceTree = BUILT_PRODUCTS_DIR; };
		6553EDF82C20DA9200B0FDF5 /* AppDelegate.swift */ = {isa = PBXFileReference; lastKnownFileType = sourcecode.swift; path = AppDelegate.swift; sourceTree = "<group>"; };
		6553EDFA2C20DA9200B0FDF5 /* SceneDelegate.swift */ = {isa = PBXFileReference; lastKnownFileType = sourcecode.swift; path = SceneDelegate.swift; sourceTree = "<group>"; };
		6553EDFF2C20DA9200B0FDF5 /* Base */ = {isa = PBXFileReference; lastKnownFileType = file.storyboard; name = Base; path = Base.lproj/Main.storyboard; sourceTree = "<group>"; };
		6553EE022C20DA9200B0FDF5 /* Carb_Counter.xcdatamodel */ = {isa = PBXFileReference; lastKnownFileType = wrapper.xcdatamodel; path = Carb_Counter.xcdatamodel; sourceTree = "<group>"; };
		6553EE042C20DA9400B0FDF5 /* Assets.xcassets */ = {isa = PBXFileReference; lastKnownFileType = folder.assetcatalog; path = Assets.xcassets; sourceTree = "<group>"; };
		6553EE072C20DA9400B0FDF5 /* Base */ = {isa = PBXFileReference; lastKnownFileType = file.storyboard; name = Base; path = Base.lproj/LaunchScreen.storyboard; sourceTree = "<group>"; };
		6553EE092C20DA9400B0FDF5 /* Info.plist */ = {isa = PBXFileReference; lastKnownFileType = text.plist.xml; path = Info.plist; sourceTree = "<group>"; };
		6553EE2F2C20DEA600B0FDF5 /* FoodItemsListViewController.swift */ = {isa = PBXFileReference; lastKnownFileType = sourcecode.swift; path = FoodItemsListViewController.swift; sourceTree = "<group>"; };
		6553EE312C20DF4B00B0FDF5 /* ComposeMealViewController.swift */ = {isa = PBXFileReference; lastKnownFileType = sourcecode.swift; path = ComposeMealViewController.swift; sourceTree = "<group>"; };
		6553EE332C20E58B00B0FDF5 /* HomeViewController.swift */ = {isa = PBXFileReference; lastKnownFileType = sourcecode.swift; path = HomeViewController.swift; sourceTree = "<group>"; };
		6553EE352C20EF2600B0FDF5 /* AddFoodItemViewController.swift */ = {isa = PBXFileReference; lastKnownFileType = sourcecode.swift; path = AddFoodItemViewController.swift; sourceTree = "<group>"; };
		6553EE492C22E85400B0FDF5 /* FoodItemRowView.swift */ = {isa = PBXFileReference; lastKnownFileType = sourcecode.swift; path = FoodItemRowView.swift; sourceTree = "<group>"; };
		6553EE4F2C238D2E00B0FDF5 /* FoodItemTableViewCell.swift */ = {isa = PBXFileReference; lastKnownFileType = sourcecode.swift; path = FoodItemTableViewCell.swift; sourceTree = "<group>"; };
		656C64A42C6C007000431374 /* sv */ = {isa = PBXFileReference; lastKnownFileType = text.plist.strings; name = sv; path = sv.lproj/Localizable.strings; sourceTree = "<group>"; };
		656C64A62C6C008400431374 /* en */ = {isa = PBXFileReference; lastKnownFileType = text.plist.strings; name = en; path = en.lproj/Localizable.strings; sourceTree = "<group>"; };
		658302162CDABFA3000BC0AD /* commit_hash.txt */ = {isa = PBXFileReference; lastKnownFileType = text; path = commit_hash.txt; sourceTree = "<group>"; };
		658302182CDAD456000BC0AD /* ConnectionsViewController.swift */ = {isa = PBXFileReference; lastKnownFileType = sourcecode.swift; path = ConnectionsViewController.swift; sourceTree = "<group>"; };
		6583021A2CDB904F000BC0AD /* UpdateView.swift */ = {isa = PBXFileReference; lastKnownFileType = sourcecode.swift; path = UpdateView.swift; sourceTree = "<group>"; };
		659632842C2436470098DF69 /* launch.png */ = {isa = PBXFileReference; lastKnownFileType = image.png; path = launch.png; sourceTree = "<group>"; };
		65BAB4E52C5947A80055638D /* SearchableDropdownViewController.swift */ = {isa = PBXFileReference; lastKnownFileType = sourcecode.swift; path = SearchableDropdownViewController.swift; sourceTree = "<group>"; };
		65BAB4E72C5A95650055638D /* RSSFeedViewController.swift */ = {isa = PBXFileReference; lastKnownFileType = sourcecode.swift; path = RSSFeedViewController.swift; sourceTree = "<group>"; };
		65BAB4ED2C5AE76B0055638D /* RSSHelper.swift */ = {isa = PBXFileReference; lastKnownFileType = sourcecode.swift; path = RSSHelper.swift; sourceTree = "<group>"; };
		65BD4CB92C6BCB38001FF1C0 /* sv */ = {isa = PBXFileReference; lastKnownFileType = text.plist.strings; name = sv; path = sv.lproj/Main.strings; sourceTree = "<group>"; };
		65BD4CBA2C6BCB39001FF1C0 /* sv */ = {isa = PBXFileReference; lastKnownFileType = text.plist.strings; name = sv; path = sv.lproj/LaunchScreen.strings; sourceTree = "<group>"; };
		65BE764A2CA2C134005EAFE2 /* GradientView.swift */ = {isa = PBXFileReference; lastKnownFileType = sourcecode.swift; path = GradientView.swift; sourceTree = "<group>"; };
		65BE764E2CA2C54E005EAFE2 /* Formatters.swift */ = {isa = PBXFileReference; lastKnownFileType = sourcecode.swift; path = Formatters.swift; sourceTree = "<group>"; };
		65C75CF52C255C8F00114BD3 /* CoreDataStack.swift */ = {isa = PBXFileReference; lastKnownFileType = sourcecode.swift; path = CoreDataStack.swift; sourceTree = "<group>"; };
		65C75CF72C255D6900114BD3 /* FavoriteMealsViewController.swift */ = {isa = PBXFileReference; lastKnownFileType = sourcecode.swift; path = FavoriteMealsViewController.swift; sourceTree = "<group>"; };
		65C75CF92C256FA700114BD3 /* FavoriteMealDetailViewController.swift */ = {isa = PBXFileReference; lastKnownFileType = sourcecode.swift; path = FavoriteMealDetailViewController.swift; sourceTree = "<group>"; };
		65C75CFB2C25962E00114BD3 /* SettingsViewController.swift */ = {isa = PBXFileReference; lastKnownFileType = sourcecode.swift; path = SettingsViewController.swift; sourceTree = "<group>"; };
		65C75CFD2C25966100114BD3 /* CarbRatioViewController.swift */ = {isa = PBXFileReference; lastKnownFileType = sourcecode.swift; path = CarbRatioViewController.swift; sourceTree = "<group>"; };
		65C75CFF2C25967C00114BD3 /* StartDoseViewController.swift */ = {isa = PBXFileReference; lastKnownFileType = sourcecode.swift; path = StartDoseViewController.swift; sourceTree = "<group>"; };
		65C75D012C2597FC00114BD3 /* CoreDataHelper.swift */ = {isa = PBXFileReference; lastKnownFileType = sourcecode.swift; path = CoreDataHelper.swift; sourceTree = "<group>"; };
		65D138A82C4017E400FAE6BF /* OngoingMealViewController.swift */ = {isa = PBXFileReference; lastKnownFileType = sourcecode.swift; path = OngoingMealViewController.swift; sourceTree = "<group>"; };
		65D138AA2C43DEBD00FAE6BF /* LoadingViewController.swift */ = {isa = PBXFileReference; lastKnownFileType = sourcecode.swift; path = LoadingViewController.swift; sourceTree = "<group>"; };
		65D185712CB13B2D00E82D51 /* SuccessView.swift */ = {isa = PBXFileReference; lastKnownFileType = sourcecode.swift; path = SuccessView.swift; sourceTree = "<group>"; };
		65D2B06B2CA9760000C0AF80 /* MealInsightsViewController.swift */ = {isa = PBXFileReference; lastKnownFileType = sourcecode.swift; path = MealInsightsViewController.swift; sourceTree = "<group>"; };
		65D508C32CE73FD60023E29B /* PushMessage.swift */ = {isa = PBXFileReference; lastKnownFileType = sourcecode.swift; path = PushMessage.swift; sourceTree = "<group>"; };
		65D508C52CE740080023E29B /* PushNotificationManager.swift */ = {isa = PBXFileReference; lastKnownFileType = sourcecode.swift; path = PushNotificationManager.swift; sourceTree = "<group>"; };
		65D508D12CE77C8C0023E29B /* NSProfile.swift */ = {isa = PBXFileReference; lastKnownFileType = sourcecode.swift; path = NSProfile.swift; sourceTree = "<group>"; };
		65D508D32CE77CBF0023E29B /* ProfileManager.swift */ = {isa = PBXFileReference; lastKnownFileType = sourcecode.swift; path = ProfileManager.swift; sourceTree = "<group>"; };
		65D508D52CE77D1B0023E29B /* TRCCommandType.swift */ = {isa = PBXFileReference; lastKnownFileType = sourcecode.swift; path = TRCCommandType.swift; sourceTree = "<group>"; };
		65D508D72CE77D430023E29B /* OverrideView.swift */ = {isa = PBXFileReference; lastKnownFileType = sourcecode.swift; path = OverrideView.swift; sourceTree = "<group>"; };
		65D508D92CE77D6A0023E29B /* MealView.swift */ = {isa = PBXFileReference; lastKnownFileType = sourcecode.swift; path = MealView.swift; sourceTree = "<group>"; };
		65D508DB2CE77E240023E29B /* TrioNightscoutRemoteView.swift */ = {isa = PBXFileReference; lastKnownFileType = sourcecode.swift; path = TrioNightscoutRemoteView.swift; sourceTree = "<group>"; };
		65D508DD2CE77E5C0023E29B /* RemoteSettingsViewModel.swift */ = {isa = PBXFileReference; lastKnownFileType = sourcecode.swift; path = RemoteSettingsViewModel.swift; sourceTree = "<group>"; };
		65D508DF2CE77EA80023E29B /* HKUnit+Extensions.swift */ = {isa = PBXFileReference; lastKnownFileType = sourcecode.swift; path = "HKUnit+Extensions.swift"; sourceTree = "<group>"; };
		65D508E12CE77F590023E29B /* SecureStorageValue.swift */ = {isa = PBXFileReference; lastKnownFileType = sourcecode.swift; path = SecureStorageValue.swift; sourceTree = "<group>"; };
		65D508E32CE77F8A0023E29B /* Storage.swift */ = {isa = PBXFileReference; lastKnownFileType = sourcecode.swift; path = Storage.swift; sourceTree = "<group>"; };
		65D508E52CE77FBB0023E29B /* StorageValue.swift */ = {isa = PBXFileReference; lastKnownFileType = sourcecode.swift; path = StorageValue.swift; sourceTree = "<group>"; };
		65D508E72CE79C040023E29B /* RemoteSettingsView.swift */ = {isa = PBXFileReference; lastKnownFileType = sourcecode.swift; path = RemoteSettingsView.swift; sourceTree = "<group>"; };
		65D508E92CE79C5C0023E29B /* TextFieldWithToolBar.swift */ = {isa = PBXFileReference; lastKnownFileType = sourcecode.swift; path = TextFieldWithToolBar.swift; sourceTree = "<group>"; };
		65D508EB2CE79CDD0023E29B /* ErrorMessageView.swift */ = {isa = PBXFileReference; lastKnownFileType = sourcecode.swift; path = ErrorMessageView.swift; sourceTree = "<group>"; };
		65D508ED2CE79D2B0023E29B /* ObservableUserDefaults.swift */ = {isa = PBXFileReference; lastKnownFileType = sourcecode.swift; path = ObservableUserDefaults.swift; sourceTree = "<group>"; };
		65D508EF2CE79D470023E29B /* ObservableUserDefaultsValue.swift */ = {isa = PBXFileReference; lastKnownFileType = sourcecode.swift; path = ObservableUserDefaultsValue.swift; sourceTree = "<group>"; };
		65D508F12CE79D900023E29B /* UserDefaultsValue.swift */ = {isa = PBXFileReference; lastKnownFileType = sourcecode.swift; path = UserDefaultsValue.swift; sourceTree = "<group>"; };
		65D508F32CE79DDC0023E29B /* AnyConvertible.swift */ = {isa = PBXFileReference; lastKnownFileType = sourcecode.swift; path = AnyConvertible.swift; sourceTree = "<group>"; };
		65D508F52CE79E080023E29B /* UserDefaultsValueGroups.swift */ = {isa = PBXFileReference; lastKnownFileType = sourcecode.swift; path = UserDefaultsValueGroups.swift; sourceTree = "<group>"; };
		65D508F72CE79E3E0023E29B /* AppConstants.swift */ = {isa = PBXFileReference; lastKnownFileType = sourcecode.swift; path = AppConstants.swift; sourceTree = "<group>"; };
		65D508F92CE79E700023E29B /* ObservationToken.swift */ = {isa = PBXFileReference; lastKnownFileType = sourcecode.swift; path = ObservationToken.swift; sourceTree = "<group>"; };
		65D508FB2CE79EBE0023E29B /* TempTargetPresetManager.swift */ = {isa = PBXFileReference; lastKnownFileType = sourcecode.swift; path = TempTargetPresetManager.swift; sourceTree = "<group>"; };
		65D508FD2CE79EDF0023E29B /* TempTargetPreset.swift */ = {isa = PBXFileReference; lastKnownFileType = sourcecode.swift; path = TempTargetPreset.swift; sourceTree = "<group>"; };
		65D508FF2CE79F470023E29B /* Observable.swift */ = {isa = PBXFileReference; lastKnownFileType = sourcecode.swift; path = Observable.swift; sourceTree = "<group>"; };
		65D509012CE79F710023E29B /* ObservableValue.swift */ = {isa = PBXFileReference; lastKnownFileType = sourcecode.swift; path = ObservableValue.swift; sourceTree = "<group>"; };
		65D509032CE79FCB0023E29B /* Units.swift */ = {isa = PBXFileReference; lastKnownFileType = sourcecode.swift; path = Units.swift; sourceTree = "<group>"; };
		65D509052CE7A0FD0023E29B /* UserDefaults.swift */ = {isa = PBXFileReference; lastKnownFileType = sourcecode.swift; path = UserDefaults.swift; sourceTree = "<group>"; };
		65D509072CE7A2030023E29B /* GlucoseConversion.swift */ = {isa = PBXFileReference; lastKnownFileType = sourcecode.swift; path = GlucoseConversion.swift; sourceTree = "<group>"; };
		65D509092CE7A26C0023E29B /* TrioNightscoutRemoteController.swift */ = {isa = PBXFileReference; lastKnownFileType = sourcecode.swift; path = TrioNightscoutRemoteController.swift; sourceTree = "<group>"; };
		65D5090B2CE7A2970023E29B /* TreatmentResponse.swift */ = {isa = PBXFileReference; lastKnownFileType = sourcecode.swift; path = TreatmentResponse.swift; sourceTree = "<group>"; };
		65D5090D2CE7A2F20023E29B /* NightscoutUtils.swift */ = {isa = PBXFileReference; lastKnownFileType = sourcecode.swift; path = NightscoutUtils.swift; sourceTree = "<group>"; };
		65D5090F2CE7A3A50023E29B /* HKQuantityInputView.swift */ = {isa = PBXFileReference; lastKnownFileType = sourcecode.swift; path = HKQuantityInputView.swift; sourceTree = "<group>"; };
		65D509112CE7A3CD0023E29B /* LoadingButtonView.swift */ = {isa = PBXFileReference; lastKnownFileType = sourcecode.swift; path = LoadingButtonView.swift; sourceTree = "<group>"; };
		65D509132CE8BFAF0023E29B /* Profile.swift */ = {isa = PBXFileReference; lastKnownFileType = sourcecode.swift; path = Profile.swift; sourceTree = "<group>"; };
		65D509182CE949330023E29B /* Overrides.swift */ = {isa = PBXFileReference; lastKnownFileType = sourcecode.swift; path = Overrides.swift; sourceTree = "<group>"; };
		65D5091A2CE94A400023E29B /* Treatments.swift */ = {isa = PBXFileReference; lastKnownFileType = sourcecode.swift; path = Treatments.swift; sourceTree = "<group>"; };
		65D5091C2CE94A8E0023E29B /* DateTime.swift */ = {isa = PBXFileReference; lastKnownFileType = sourcecode.swift; path = DateTime.swift; sourceTree = "<group>"; };
		65F217082C34BF3E00AEC8CB /* NightscoutManager.swift */ = {isa = PBXFileReference; lastKnownFileType = sourcecode.swift; name = NightscoutManager.swift; path = "Carb Counter/Controllers/NightscoutManager.swift"; sourceTree = SOURCE_ROOT; };
		65F8E8D32C6775E100FDCF05 /* UpdateRegisteredAmountIntent.swift */ = {isa = PBXFileReference; lastKnownFileType = sourcecode.swift; path = UpdateRegisteredAmountIntent.swift; sourceTree = "<group>"; };
/* End PBXFileReference section */

/* Begin PBXFrameworksBuildPhase section */
		6553EDF22C20DA9200B0FDF5 /* Frameworks */ = {
			isa = PBXFrameworksBuildPhase;
			buildActionMask = 2147483647;
			files = (
				65D185752CB27AB900E82D51 /* DGCharts in Frameworks */,
				5ACF73432CAFEAF700C48000 /* ISEmojiView in Frameworks */,
				65D508D02CE77C250023E29B /* SwiftJWT in Frameworks */,
			);
			runOnlyForDeploymentPostprocessing = 0;
		};
/* End PBXFrameworksBuildPhase section */

/* Begin PBXGroup section */
		6502A9D12C2B1A5300414DC0 /* SettingsView */ = {
			isa = PBXGroup;
			children = (
				658302182CDAD456000BC0AD /* ConnectionsViewController.swift */,
				654EAF982CDA5D8400C5D87A /* NotificationViewController.swift */,
				65C75CFB2C25962E00114BD3 /* SettingsViewController.swift */,
				65C75CFD2C25966100114BD3 /* CarbRatioViewController.swift */,
				653DE79F2C27520700A639D1 /* DataSharingViewController.swift */,
				653DE7A52C27930F00A639D1 /* RemoteSettingsViewController.swift */,
				65C75CFF2C25967C00114BD3 /* StartDoseViewController.swift */,
			);
			path = SettingsView;
			sourceTree = "<group>";
		};
		6502A9D22C2B1A7C00414DC0 /* FoodItemsView */ = {
			isa = PBXGroup;
			children = (
				6553EE2F2C20DEA600B0FDF5 /* FoodItemsListViewController.swift */,
				6553EE4F2C238D2E00B0FDF5 /* FoodItemTableViewCell.swift */,
				6553EE352C20EF2600B0FDF5 /* AddFoodItemViewController.swift */,
				652891CA2C33FF2C008B8BCA /* ScannerViewController.swift */,
			);
			path = FoodItemsView;
			sourceTree = "<group>";
		};
		6502A9D32C2B1A9600414DC0 /* ComposeMealView */ = {
			isa = PBXGroup;
			children = (
				6553EE312C20DF4B00B0FDF5 /* ComposeMealViewController.swift */,
				6553EE492C22E85400B0FDF5 /* FoodItemRowView.swift */,
				65BAB4E52C5947A80055638D /* SearchableDropdownViewController.swift */,
				65BAB4E72C5A95650055638D /* RSSFeedViewController.swift */,
				6520898A2C661EBD00B85643 /* MealViewController.swift */,
				6522DDBF2C9AB6C300C0BF49 /* EditRegistrationPopoverView.swift */,
			);
			path = ComposeMealView;
			sourceTree = "<group>";
		};
		6502A9D42C2B1AAB00414DC0 /* FavoritesView */ = {
			isa = PBXGroup;
			children = (
				65C75CF72C255D6900114BD3 /* FavoriteMealsViewController.swift */,
				65C75CF92C256FA700114BD3 /* FavoriteMealDetailViewController.swift */,
			);
			path = FavoritesView;
			sourceTree = "<group>";
		};
		6502A9D52C2B1AB600414DC0 /* MealHistoryView */ = {
			isa = PBXGroup;
			children = (
				6502A99C2C29681E00414DC0 /* MealHistoryViewController.swift */,
				6502A99E2C29754D00414DC0 /* MealHistoryDetailViewController.swift */,
				65D2B06B2CA9760000C0AF80 /* MealInsightsViewController.swift */,
				5A24B6412CB5061C00A8786D /* NightscoutWebViewController.swift */,
			);
			path = MealHistoryView;
			sourceTree = "<group>";
		};
		6502A9D62C2B1AF800414DC0 /* Controllers */ = {
			isa = PBXGroup;
			children = (
				651B57AF2CDFCA6E00F6ABD2 /* FinishMealManager.swift */,
				654EAF962CDA48A100C5D87A /* PreBolusManager.swift */,
				6553EDF82C20DA9200B0FDF5 /* AppDelegate.swift */,
				65C75CF52C255C8F00114BD3 /* CoreDataStack.swift */,
				65C75D012C2597FC00114BD3 /* CoreDataHelper.swift */,
				65F217082C34BF3E00AEC8CB /* NightscoutManager.swift */,
				6553EDFA2C20DA9200B0FDF5 /* SceneDelegate.swift */,
				653DE7A32C278F7600A639D1 /* Twilio.swift */,
				653DE7A72C27937B00A639D1 /* UserDefaultsRepository.swift */,
				650EF4132C3CA05800ADF8B0 /* CustomTabBarController.swift */,
				65BAB4ED2C5AE76B0055638D /* RSSHelper.swift */,
				6522DDC12C9AB6E700C0BF49 /* UIHostingController.swift */,
				65BE764A2CA2C134005EAFE2 /* GradientView.swift */,
				65BE764E2CA2C54E005EAFE2 /* Formatters.swift */,
				65D185712CB13B2D00E82D51 /* SuccessView.swift */,
				6583021A2CDB904F000BC0AD /* UpdateView.swift */,
				65380D2E2CB284CF00BF635E /* TooltipMarkerView.swift */,
			);
			path = Controllers;
			sourceTree = "<group>";
		};
		6502A9D72C2B1BCB00414DC0 /* HomeView */ = {
			isa = PBXGroup;
			children = (
				6553EE332C20E58B00B0FDF5 /* HomeViewController.swift */,
				65D138A82C4017E400FAE6BF /* OngoingMealViewController.swift */,
				65D138AA2C43DEBD00FAE6BF /* LoadingViewController.swift */,
			);
			path = HomeView;
			sourceTree = "<group>";
		};
		6553EDEC2C20DA9100B0FDF5 = {
			isa = PBXGroup;
			children = (
				6553EDF72C20DA9200B0FDF5 /* Carb Counter */,
				658302162CDABFA3000BC0AD /* commit_hash.txt */,
				6553EDF62C20DA9200B0FDF5 /* Products */,
			);
			sourceTree = "<group>";
		};
		6553EDF62C20DA9200B0FDF5 /* Products */ = {
			isa = PBXGroup;
			children = (
				6553EDF52C20DA9200B0FDF5 /* Carb Counter.app */,
			);
			name = Products;
			sourceTree = "<group>";
		};
		6553EDF72C20DA9200B0FDF5 /* Carb Counter */ = {
			isa = PBXGroup;
			children = (
				6553EDFE2C20DA9200B0FDF5 /* Main.storyboard */,
				656C64A32C6C007000431374 /* Localizable.strings */,
				65599D632C50F9CE00EFE7C4 /* CoreData */,
				65D508C22CE73FB70023E29B /* APNS */,
				6502A9D72C2B1BCB00414DC0 /* HomeView */,
				6502A9D12C2B1A5300414DC0 /* SettingsView */,
				6502A9D22C2B1A7C00414DC0 /* FoodItemsView */,
				6502A9D32C2B1A9600414DC0 /* ComposeMealView */,
				6502A9D42C2B1AAB00414DC0 /* FavoritesView */,
				6502A9D52C2B1AB600414DC0 /* MealHistoryView */,
				65F8E8D22C6775C600FDCF05 /* Shortcuts */,
				6502A9D62C2B1AF800414DC0 /* Controllers */,
				65231E842C283DA300D78667 /* CarbsCounter.entitlements */,
				6553EE092C20DA9400B0FDF5 /* Info.plist */,
				6553EE062C20DA9400B0FDF5 /* LaunchScreen.storyboard */,
				6553EE042C20DA9400B0FDF5 /* Assets.xcassets */,
				659632842C2436470098DF69 /* launch.png */,
			);
			path = "Carb Counter";
			sourceTree = "<group>";
		};
		65599D632C50F9CE00EFE7C4 /* CoreData */ = {
			isa = PBXGroup;
			children = (
				6553EE012C20DA9200B0FDF5 /* CarbsCounter.xcdatamodeld */,
			);
			name = CoreData;
			path = ..;
			sourceTree = "<group>";
		};
		65D508C22CE73FB70023E29B /* APNS */ = {
			isa = PBXGroup;
			children = (
				65D509132CE8BFAF0023E29B /* Profile.swift */,
				65D508D12CE77C8C0023E29B /* NSProfile.swift */,
				65D508D32CE77CBF0023E29B /* ProfileManager.swift */,
				65D5090D2CE7A2F20023E29B /* NightscoutUtils.swift */,
				65D508D52CE77D1B0023E29B /* TRCCommandType.swift */,
				65D508C32CE73FD60023E29B /* PushMessage.swift */,
				65D508C52CE740080023E29B /* PushNotificationManager.swift */,
				65D508E32CE77F8A0023E29B /* Storage.swift */,
				65D508E52CE77FBB0023E29B /* StorageValue.swift */,
				65D508E12CE77F590023E29B /* SecureStorageValue.swift */,
				65D509052CE7A0FD0023E29B /* UserDefaults.swift */,
				65D508ED2CE79D2B0023E29B /* ObservableUserDefaults.swift */,
				65D508EF2CE79D470023E29B /* ObservableUserDefaultsValue.swift */,
				65D508F12CE79D900023E29B /* UserDefaultsValue.swift */,
				65D508D72CE77D430023E29B /* OverrideView.swift */,
				65D5091C2CE94A8E0023E29B /* DateTime.swift */,
				65D5091A2CE94A400023E29B /* Treatments.swift */,
				65D509182CE949330023E29B /* Overrides.swift */,
				65D509172CE8FF3F0023E29B /* Extra */,
				65D509162CE8FED40023E29B /* Migrated */,
			);
			path = APNS;
			sourceTree = "<group>";
		};
		65D509162CE8FED40023E29B /* Migrated */ = {
			isa = PBXGroup;
			children = (
				65D508D92CE77D6A0023E29B /* MealView.swift */,
			);
			path = Migrated;
			sourceTree = "<group>";
		};
		65D509172CE8FF3F0023E29B /* Extra */ = {
			isa = PBXGroup;
			children = (
				65D509112CE7A3CD0023E29B /* LoadingButtonView.swift */,
				65D5090F2CE7A3A50023E29B /* HKQuantityInputView.swift */,
				65D5090B2CE7A2970023E29B /* TreatmentResponse.swift */,
				65D509092CE7A26C0023E29B /* TrioNightscoutRemoteController.swift */,
				65D509072CE7A2030023E29B /* GlucoseConversion.swift */,
				65D509032CE79FCB0023E29B /* Units.swift */,
				65D509012CE79F710023E29B /* ObservableValue.swift */,
				65D508FF2CE79F470023E29B /* Observable.swift */,
				65D508FD2CE79EDF0023E29B /* TempTargetPreset.swift */,
				65D508FB2CE79EBE0023E29B /* TempTargetPresetManager.swift */,
				65D508F92CE79E700023E29B /* ObservationToken.swift */,
				65D508F72CE79E3E0023E29B /* AppConstants.swift */,
				65D508F52CE79E080023E29B /* UserDefaultsValueGroups.swift */,
				65D508F32CE79DDC0023E29B /* AnyConvertible.swift */,
				65D508EB2CE79CDD0023E29B /* ErrorMessageView.swift */,
				65D508E92CE79C5C0023E29B /* TextFieldWithToolBar.swift */,
				65D508E72CE79C040023E29B /* RemoteSettingsView.swift */,
				65D508DF2CE77EA80023E29B /* HKUnit+Extensions.swift */,
				65D508DD2CE77E5C0023E29B /* RemoteSettingsViewModel.swift */,
				65D508DB2CE77E240023E29B /* TrioNightscoutRemoteView.swift */,
			);
			path = Extra;
			sourceTree = "<group>";
		};
		65F8E8D22C6775C600FDCF05 /* Shortcuts */ = {
			isa = PBXGroup;
			children = (
				65F8E8D32C6775E100FDCF05 /* UpdateRegisteredAmountIntent.swift */,
				5AF082AB2CD0E8E4000BAD75 /* CreateMealHistoryIntent.swift */,
			);
			path = Shortcuts;
			sourceTree = "<group>";
		};
/* End PBXGroup section */

/* Begin PBXNativeTarget section */
		6553EDF42C20DA9200B0FDF5 /* Carb Counter */ = {
			isa = PBXNativeTarget;
			buildConfigurationList = 6553EE222C20DA9400B0FDF5 /* Build configuration list for PBXNativeTarget "Carb Counter" */;
			buildPhases = (
				6553EDF12C20DA9200B0FDF5 /* Sources */,
				6553EDF22C20DA9200B0FDF5 /* Frameworks */,
				6553EDF32C20DA9200B0FDF5 /* Resources */,
			);
			buildRules = (
			);
			dependencies = (
			);
			name = "Carb Counter";
			packageProductDependencies = (
				5ACF73422CAFEAF700C48000 /* ISEmojiView */,
				65D185742CB27AB900E82D51 /* DGCharts */,
				65D508CF2CE77C250023E29B /* SwiftJWT */,
			);
			productName = "Carb Counter";
			productReference = 6553EDF52C20DA9200B0FDF5 /* Carb Counter.app */;
			productType = "com.apple.product-type.application";
		};
/* End PBXNativeTarget section */

/* Begin PBXProject section */
		6553EDED2C20DA9100B0FDF5 /* Project object */ = {
			isa = PBXProject;
			attributes = {
				BuildIndependentTargetsInParallel = 1;
				LastSwiftUpdateCheck = 1520;
				LastUpgradeCheck = 1520;
				TargetAttributes = {
					6553EDF42C20DA9200B0FDF5 = {
						CreatedOnToolsVersion = 15.2;
					};
				};
			};
			buildConfigurationList = 6553EDF02C20DA9100B0FDF5 /* Build configuration list for PBXProject "Carb Counter" */;
			compatibilityVersion = "Xcode 15.3";
			developmentRegion = sv;
			hasScannedForEncodings = 0;
			knownRegions = (
				Base,
				sv,
				en,
			);
			mainGroup = 6553EDEC2C20DA9100B0FDF5;
			packageReferences = (
				5ACF73412CAFEAF700C48000 /* XCRemoteSwiftPackageReference "ISEmojiView" */,
				65D185732CB27AB900E82D51 /* XCRemoteSwiftPackageReference "Charts" */,
				65D508CE2CE77C250023E29B /* XCRemoteSwiftPackageReference "Swift-JWT" */,
			);
			productRefGroup = 6553EDF62C20DA9200B0FDF5 /* Products */;
			projectDirPath = "";
			projectRoot = "";
			targets = (
				6553EDF42C20DA9200B0FDF5 /* Carb Counter */,
			);
		};
/* End PBXProject section */

/* Begin PBXResourcesBuildPhase section */
		6553EDF32C20DA9200B0FDF5 /* Resources */ = {
			isa = PBXResourcesBuildPhase;
			buildActionMask = 2147483647;
			files = (
				656C64A52C6C007000431374 /* Localizable.strings in Resources */,
				659632852C2436470098DF69 /* launch.png in Resources */,
				6553EE082C20DA9400B0FDF5 /* LaunchScreen.storyboard in Resources */,
				658302172CDABFA3000BC0AD /* commit_hash.txt in Resources */,
				6518ACB02C2428BF00C3BF63 /* Assets.xcassets in Resources */,
				6553EE002C20DA9200B0FDF5 /* Main.storyboard in Resources */,
			);
			runOnlyForDeploymentPostprocessing = 0;
		};
/* End PBXResourcesBuildPhase section */

/* Begin PBXSourcesBuildPhase section */
		6553EDF12C20DA9200B0FDF5 /* Sources */ = {
			isa = PBXSourcesBuildPhase;
			buildActionMask = 2147483647;
			files = (
				65C75D002C25967C00114BD3 /* StartDoseViewController.swift in Sources */,
				65D508D42CE77CC00023E29B /* ProfileManager.swift in Sources */,
				65D508DE2CE77E5E0023E29B /* RemoteSettingsViewModel.swift in Sources */,
				65D2B06C2CA9760000C0AF80 /* MealInsightsViewController.swift in Sources */,
				6553EE502C238D2E00B0FDF5 /* FoodItemTableViewCell.swift in Sources */,
				5A24B6422CB5061C00A8786D /* NightscoutWebViewController.swift in Sources */,
				6553EE032C20DA9200B0FDF5 /* CarbsCounter.xcdatamodeld in Sources */,
				65D508FC2CE79EBF0023E29B /* TempTargetPresetManager.swift in Sources */,
				654EAF992CDA5D8600C5D87A /* NotificationViewController.swift in Sources */,
				65D508FE2CE79EE00023E29B /* TempTargetPreset.swift in Sources */,
				6553EE362C20EF2600B0FDF5 /* AddFoodItemViewController.swift in Sources */,
				6583021B2CDB9054000BC0AD /* UpdateView.swift in Sources */,
				65F8E8D42C6775E100FDCF05 /* UpdateRegisteredAmountIntent.swift in Sources */,
				65D508DC2CE77E260023E29B /* TrioNightscoutRemoteView.swift in Sources */,
				65D509122CE7A3CE0023E29B /* LoadingButtonView.swift in Sources */,
				65BAB4EE2C5AE76C0055638D /* RSSHelper.swift in Sources */,
				653DE7A42C278F7700A639D1 /* Twilio.swift in Sources */,
				65D508F42CE79DE40023E29B /* AnyConvertible.swift in Sources */,
				65D508EE2CE79D2D0023E29B /* ObservableUserDefaults.swift in Sources */,
				65C75D022C2597FC00114BD3 /* CoreDataHelper.swift in Sources */,
				65D509042CE79FCC0023E29B /* Units.swift in Sources */,
				65F217092C34BF3E00AEC8CB /* NightscoutManager.swift in Sources */,
				65D5091B2CE94A430023E29B /* Treatments.swift in Sources */,
				654EAF972CDA48A400C5D87A /* PreBolusManager.swift in Sources */,
				65D5090A2CE7A26E0023E29B /* TrioNightscoutRemoteController.swift in Sources */,
				65D509082CE7A2050023E29B /* GlucoseConversion.swift in Sources */,
				65D509142CE8BFB10023E29B /* Profile.swift in Sources */,
				65D5091D2CE94A900023E29B /* DateTime.swift in Sources */,
				65D138AB2C43DEBD00FAE6BF /* LoadingViewController.swift in Sources */,
				65BE764F2CA2C54E005EAFE2 /* Formatters.swift in Sources */,
				65C75CF82C255D6900114BD3 /* FavoriteMealsViewController.swift in Sources */,
				65D5090C2CE7A29E0023E29B /* TreatmentResponse.swift in Sources */,
				653DE7A02C27520700A639D1 /* DataSharingViewController.swift in Sources */,
				6522DDC02C9AB6C300C0BF49 /* EditRegistrationPopoverView.swift in Sources */,
				65D508D82CE77D450023E29B /* OverrideView.swift in Sources */,
				65D508E82CE79C0C0023E29B /* RemoteSettingsView.swift in Sources */,
				65BAB4E82C5A95650055638D /* RSSFeedViewController.swift in Sources */,
				65D508F22CE79D920023E29B /* UserDefaultsValue.swift in Sources */,
				65380D2F2CB284CF00BF635E /* TooltipMarkerView.swift in Sources */,
				65C75CFA2C256FA700114BD3 /* FavoriteMealDetailViewController.swift in Sources */,
				65D508EC2CE79CDF0023E29B /* ErrorMessageView.swift in Sources */,
				650EF4142C3CA05800ADF8B0 /* CustomTabBarController.swift in Sources */,
				65D508E42CE77F8C0023E29B /* Storage.swift in Sources */,
				6502A99D2C29681E00414DC0 /* MealHistoryViewController.swift in Sources */,
				65D508D62CE77D1D0023E29B /* TRCCommandType.swift in Sources */,
				65D508F82CE79E400023E29B /* AppConstants.swift in Sources */,
				65C75CFE2C25966200114BD3 /* CarbRatioViewController.swift in Sources */,
				658302192CDAD461000BC0AD /* ConnectionsViewController.swift in Sources */,
				65D509002CE79F490023E29B /* Observable.swift in Sources */,
				652891CB2C33FF2C008B8BCA /* ScannerViewController.swift in Sources */,
				65D138A92C4017E400FAE6BF /* OngoingMealViewController.swift in Sources */,
				65D5090E2CE7A2F30023E29B /* NightscoutUtils.swift in Sources */,
				65D508E22CE77F5B0023E29B /* SecureStorageValue.swift in Sources */,
				5AF082AC2CD0E8E4000BAD75 /* CreateMealHistoryIntent.swift in Sources */,
				6522DDC22C9AB6E700C0BF49 /* UIHostingController.swift in Sources */,
				6553EE4A2C22E85400B0FDF5 /* FoodItemRowView.swift in Sources */,
				65D508F62CE79E090023E29B /* UserDefaultsValueGroups.swift in Sources */,
				6553EDF92C20DA9200B0FDF5 /* AppDelegate.swift in Sources */,
				65D508EA2CE79C5D0023E29B /* TextFieldWithToolBar.swift in Sources */,
				653DE7A62C27930F00A639D1 /* RemoteSettingsViewController.swift in Sources */,
				65D508DA2CE77D6C0023E29B /* MealView.swift in Sources */,
				65D508C42CE73FD90023E29B /* PushMessage.swift in Sources */,
				65D508FA2CE79E720023E29B /* ObservationToken.swift in Sources */,
				65D508E62CE77FBC0023E29B /* StorageValue.swift in Sources */,
				65D509062CE7A0FF0023E29B /* UserDefaults.swift in Sources */,
				65D508E02CE77EAA0023E29B /* HKUnit+Extensions.swift in Sources */,
				65C75CF62C255C8F00114BD3 /* CoreDataStack.swift in Sources */,
				65C75CFC2C25962E00114BD3 /* SettingsViewController.swift in Sources */,
				65D185722CB13B2D00E82D51 /* SuccessView.swift in Sources */,
				65D509102CE7A3A60023E29B /* HKQuantityInputView.swift in Sources */,
				6553EE302C20DEA600B0FDF5 /* FoodItemsListViewController.swift in Sources */,
				65D509192CE949350023E29B /* Overrides.swift in Sources */,
				651B57B02CDFCA7700F6ABD2 /* FinishMealManager.swift in Sources */,
				6553EE322C20DF4B00B0FDF5 /* ComposeMealViewController.swift in Sources */,
				653DE7A82C27937B00A639D1 /* UserDefaultsRepository.swift in Sources */,
				65D508D22CE77C8E0023E29B /* NSProfile.swift in Sources */,
				6553EE342C20E58B00B0FDF5 /* HomeViewController.swift in Sources */,
				65D508C62CE7400B0023E29B /* PushNotificationManager.swift in Sources */,
				6502A99F2C29754D00414DC0 /* MealHistoryDetailViewController.swift in Sources */,
				6553EDFB2C20DA9200B0FDF5 /* SceneDelegate.swift in Sources */,
				65BE764B2CA2C134005EAFE2 /* GradientView.swift in Sources */,
				65D509022CE79F730023E29B /* ObservableValue.swift in Sources */,
				65BAB4E62C5947A80055638D /* SearchableDropdownViewController.swift in Sources */,
				6520898B2C661EBD00B85643 /* MealViewController.swift in Sources */,
				65D508F02CE79D490023E29B /* ObservableUserDefaultsValue.swift in Sources */,
			);
			runOnlyForDeploymentPostprocessing = 0;
		};
/* End PBXSourcesBuildPhase section */

/* Begin PBXVariantGroup section */
		6553EDFE2C20DA9200B0FDF5 /* Main.storyboard */ = {
			isa = PBXVariantGroup;
			children = (
				6553EDFF2C20DA9200B0FDF5 /* Base */,
				65BD4CB92C6BCB38001FF1C0 /* sv */,
				653A93792C6BE35900AA10EE /* en */,
			);
			name = Main.storyboard;
			sourceTree = "<group>";
		};
		6553EE062C20DA9400B0FDF5 /* LaunchScreen.storyboard */ = {
			isa = PBXVariantGroup;
			children = (
				6553EE072C20DA9400B0FDF5 /* Base */,
				65BD4CBA2C6BCB39001FF1C0 /* sv */,
				653A937A2C6BE35900AA10EE /* en */,
			);
			name = LaunchScreen.storyboard;
			sourceTree = "<group>";
		};
		656C64A32C6C007000431374 /* Localizable.strings */ = {
			isa = PBXVariantGroup;
			children = (
				656C64A42C6C007000431374 /* sv */,
				656C64A62C6C008400431374 /* en */,
			);
			name = Localizable.strings;
			sourceTree = "<group>";
		};
/* End PBXVariantGroup section */

/* Begin XCBuildConfiguration section */
		6553EE202C20DA9400B0FDF5 /* Debug */ = {
			isa = XCBuildConfiguration;
			buildSettings = {
				ALWAYS_SEARCH_USER_PATHS = NO;
				ASSETCATALOG_COMPILER_GENERATE_SWIFT_ASSET_SYMBOL_EXTENSIONS = YES;
				CLANG_ANALYZER_LOCALIZABILITY_NONLOCALIZED = YES;
				CLANG_ANALYZER_NONNULL = YES;
				CLANG_ANALYZER_NUMBER_OBJECT_CONVERSION = YES_AGGRESSIVE;
				CLANG_CXX_LANGUAGE_STANDARD = "gnu++20";
				CLANG_ENABLE_MODULES = YES;
				CLANG_ENABLE_OBJC_ARC = YES;
				CLANG_ENABLE_OBJC_WEAK = YES;
				CLANG_WARN_BLOCK_CAPTURE_AUTORELEASING = YES;
				CLANG_WARN_BOOL_CONVERSION = YES;
				CLANG_WARN_COMMA = YES;
				CLANG_WARN_CONSTANT_CONVERSION = YES;
				CLANG_WARN_DEPRECATED_OBJC_IMPLEMENTATIONS = YES;
				CLANG_WARN_DIRECT_OBJC_ISA_USAGE = YES_ERROR;
				CLANG_WARN_DOCUMENTATION_COMMENTS = YES;
				CLANG_WARN_EMPTY_BODY = YES;
				CLANG_WARN_ENUM_CONVERSION = YES;
				CLANG_WARN_INFINITE_RECURSION = YES;
				CLANG_WARN_INT_CONVERSION = YES;
				CLANG_WARN_NON_LITERAL_NULL_CONVERSION = YES;
				CLANG_WARN_OBJC_IMPLICIT_RETAIN_SELF = YES;
				CLANG_WARN_OBJC_LITERAL_CONVERSION = YES;
				CLANG_WARN_OBJC_ROOT_CLASS = YES_ERROR;
				CLANG_WARN_QUOTED_INCLUDE_IN_FRAMEWORK_HEADER = YES;
				CLANG_WARN_RANGE_LOOP_ANALYSIS = YES;
				CLANG_WARN_STRICT_PROTOTYPES = YES;
				CLANG_WARN_SUSPICIOUS_MOVE = YES;
				CLANG_WARN_UNGUARDED_AVAILABILITY = YES_AGGRESSIVE;
				CLANG_WARN_UNREACHABLE_CODE = YES;
				CLANG_WARN__DUPLICATE_METHOD_MATCH = YES;
				COPY_PHASE_STRIP = NO;
				DEBUG_INFORMATION_FORMAT = dwarf;
				ENABLE_STRICT_OBJC_MSGSEND = YES;
				ENABLE_TESTABILITY = YES;
				ENABLE_USER_SCRIPT_SANDBOXING = YES;
				GCC_C_LANGUAGE_STANDARD = gnu17;
				GCC_DYNAMIC_NO_PIC = NO;
				GCC_NO_COMMON_BLOCKS = YES;
				GCC_OPTIMIZATION_LEVEL = 0;
				GCC_PREPROCESSOR_DEFINITIONS = (
					"DEBUG=1",
					"$(inherited)",
				);
				GCC_WARN_64_TO_32_BIT_CONVERSION = YES;
				GCC_WARN_ABOUT_RETURN_TYPE = YES_ERROR;
				GCC_WARN_UNDECLARED_SELECTOR = YES;
				GCC_WARN_UNINITIALIZED_AUTOS = YES_AGGRESSIVE;
				GCC_WARN_UNUSED_FUNCTION = YES;
				GCC_WARN_UNUSED_VARIABLE = YES;
				IPHONEOS_DEPLOYMENT_TARGET = 17.0;
				LOCALIZATION_PREFERS_STRING_CATALOGS = YES;
				MTL_ENABLE_DEBUG_INFO = INCLUDE_SOURCE;
				MTL_FAST_MATH = YES;
				ONLY_ACTIVE_ARCH = YES;
				SDKROOT = iphoneos;
				SWIFT_ACTIVE_COMPILATION_CONDITIONS = "DEBUG $(inherited)";
				SWIFT_OPTIMIZATION_LEVEL = "-Onone";
			};
			name = Debug;
		};
		6553EE212C20DA9400B0FDF5 /* Release */ = {
			isa = XCBuildConfiguration;
			buildSettings = {
				ALWAYS_SEARCH_USER_PATHS = NO;
				ASSETCATALOG_COMPILER_GENERATE_SWIFT_ASSET_SYMBOL_EXTENSIONS = YES;
				CLANG_ANALYZER_LOCALIZABILITY_NONLOCALIZED = YES;
				CLANG_ANALYZER_NONNULL = YES;
				CLANG_ANALYZER_NUMBER_OBJECT_CONVERSION = YES_AGGRESSIVE;
				CLANG_CXX_LANGUAGE_STANDARD = "gnu++20";
				CLANG_ENABLE_MODULES = YES;
				CLANG_ENABLE_OBJC_ARC = YES;
				CLANG_ENABLE_OBJC_WEAK = YES;
				CLANG_WARN_BLOCK_CAPTURE_AUTORELEASING = YES;
				CLANG_WARN_BOOL_CONVERSION = YES;
				CLANG_WARN_COMMA = YES;
				CLANG_WARN_CONSTANT_CONVERSION = YES;
				CLANG_WARN_DEPRECATED_OBJC_IMPLEMENTATIONS = YES;
				CLANG_WARN_DIRECT_OBJC_ISA_USAGE = YES_ERROR;
				CLANG_WARN_DOCUMENTATION_COMMENTS = YES;
				CLANG_WARN_EMPTY_BODY = YES;
				CLANG_WARN_ENUM_CONVERSION = YES;
				CLANG_WARN_INFINITE_RECURSION = YES;
				CLANG_WARN_INT_CONVERSION = YES;
				CLANG_WARN_NON_LITERAL_NULL_CONVERSION = YES;
				CLANG_WARN_OBJC_IMPLICIT_RETAIN_SELF = YES;
				CLANG_WARN_OBJC_LITERAL_CONVERSION = YES;
				CLANG_WARN_OBJC_ROOT_CLASS = YES_ERROR;
				CLANG_WARN_QUOTED_INCLUDE_IN_FRAMEWORK_HEADER = YES;
				CLANG_WARN_RANGE_LOOP_ANALYSIS = YES;
				CLANG_WARN_STRICT_PROTOTYPES = YES;
				CLANG_WARN_SUSPICIOUS_MOVE = YES;
				CLANG_WARN_UNGUARDED_AVAILABILITY = YES_AGGRESSIVE;
				CLANG_WARN_UNREACHABLE_CODE = YES;
				CLANG_WARN__DUPLICATE_METHOD_MATCH = YES;
				COPY_PHASE_STRIP = NO;
				DEBUG_INFORMATION_FORMAT = "dwarf-with-dsym";
				ENABLE_NS_ASSERTIONS = NO;
				ENABLE_STRICT_OBJC_MSGSEND = YES;
				ENABLE_USER_SCRIPT_SANDBOXING = YES;
				GCC_C_LANGUAGE_STANDARD = gnu17;
				GCC_NO_COMMON_BLOCKS = YES;
				GCC_WARN_64_TO_32_BIT_CONVERSION = YES;
				GCC_WARN_ABOUT_RETURN_TYPE = YES_ERROR;
				GCC_WARN_UNDECLARED_SELECTOR = YES;
				GCC_WARN_UNINITIALIZED_AUTOS = YES_AGGRESSIVE;
				GCC_WARN_UNUSED_FUNCTION = YES;
				GCC_WARN_UNUSED_VARIABLE = YES;
				IPHONEOS_DEPLOYMENT_TARGET = 17.0;
				LOCALIZATION_PREFERS_STRING_CATALOGS = YES;
				MTL_ENABLE_DEBUG_INFO = NO;
				MTL_FAST_MATH = YES;
				SDKROOT = iphoneos;
				SWIFT_COMPILATION_MODE = wholemodule;
				VALIDATE_PRODUCT = YES;
			};
			name = Release;
		};
		6553EE232C20DA9400B0FDF5 /* Debug */ = {
			isa = XCBuildConfiguration;
			buildSettings = {
				ASSETCATALOG_COMPILER_APPICON_NAME = AppIcon;
				ASSETCATALOG_COMPILER_GLOBAL_ACCENT_COLOR_NAME = AccentColor;
				CODE_SIGN_ENTITLEMENTS = "Carb Counter/CarbsCounter.entitlements";
				CODE_SIGN_STYLE = Automatic;
				CURRENT_PROJECT_VERSION = 1;
				DEVELOPMENT_TEAM = "";
				GENERATE_INFOPLIST_FILE = YES;
				GIT_COMMIT_HASH = "$(GIT_COMMIT_HASH)";
				INFOPLIST_FILE = "Carb Counter/Info.plist";
				INFOPLIST_KEY_CFBundleDisplayName = CarbsCounter;
				INFOPLIST_KEY_LSSupportsOpeningDocumentsInPlace = YES;
				INFOPLIST_KEY_NSCameraUsageDescription = "We need access to your camera to scan barcodes.";
				INFOPLIST_KEY_NSDocumentsFolderUsageDescription = "We need access to your documents to import and export food items.";
				INFOPLIST_KEY_NSFaceIDUsageDescription = "This app requires Face ID to securely authenticate your identity for sending meal requests.";
				INFOPLIST_KEY_UIApplicationSupportsIndirectInputEvents = YES;
				INFOPLIST_KEY_UILaunchStoryboardName = LaunchScreen;
				INFOPLIST_KEY_UIMainStoryboardFile = Main;
				INFOPLIST_KEY_UIRequiresFullScreen = YES;
				INFOPLIST_KEY_UISupportedInterfaceOrientations = UIInterfaceOrientationPortrait;
				INFOPLIST_KEY_UISupportedInterfaceOrientations_iPad = "UIInterfaceOrientationPortrait UIInterfaceOrientationPortraitUpsideDown";
				INFOPLIST_KEY_UISupportedInterfaceOrientations_iPhone = "UIInterfaceOrientationPortrait UIInterfaceOrientationLandscapeLeft UIInterfaceOrientationLandscapeRight";
				LD_RUNPATH_SEARCH_PATHS = (
					"$(inherited)",
					"@executable_path/Frameworks",
				);
				MARKETING_VERSION = 1.0;
				OTHER_SWIFT_FLAGS = "";
				PRODUCT_BUNDLE_IDENTIFIER = com.dsnallfot.CarbsCounter;
				PRODUCT_NAME = "$(TARGET_NAME)";
				SWIFT_EMIT_LOC_STRINGS = YES;
				SWIFT_VERSION = 5.0;
				TARGETED_DEVICE_FAMILY = "1,2";
			};
			name = Debug;
		};
		6553EE242C20DA9400B0FDF5 /* Release */ = {
			isa = XCBuildConfiguration;
			buildSettings = {
				ASSETCATALOG_COMPILER_APPICON_NAME = AppIcon;
				ASSETCATALOG_COMPILER_GLOBAL_ACCENT_COLOR_NAME = AccentColor;
				CODE_SIGN_ENTITLEMENTS = "Carb Counter/CarbsCounterRelease.entitlements";
				CODE_SIGN_STYLE = Automatic;
				CURRENT_PROJECT_VERSION = 1;
				DEVELOPMENT_TEAM = "";
				GENERATE_INFOPLIST_FILE = YES;
				GIT_COMMIT_HASH = "$(GIT_COMMIT_HASH)";
				INFOPLIST_FILE = "Carb Counter/Info.plist";
				INFOPLIST_KEY_CFBundleDisplayName = CarbsCounter;
				INFOPLIST_KEY_LSSupportsOpeningDocumentsInPlace = YES;
				INFOPLIST_KEY_NSCameraUsageDescription = "We need access to your camera to scan barcodes.";
				INFOPLIST_KEY_NSDocumentsFolderUsageDescription = "We need access to your documents to import and export food items.";
				INFOPLIST_KEY_NSFaceIDUsageDescription = "This app requires Face ID to securely authenticate your identity for sending meal requests.";
				INFOPLIST_KEY_UIApplicationSupportsIndirectInputEvents = YES;
				INFOPLIST_KEY_UILaunchStoryboardName = LaunchScreen;
				INFOPLIST_KEY_UIMainStoryboardFile = Main;
				INFOPLIST_KEY_UIRequiresFullScreen = YES;
				INFOPLIST_KEY_UISupportedInterfaceOrientations = UIInterfaceOrientationPortrait;
				INFOPLIST_KEY_UISupportedInterfaceOrientations_iPad = "UIInterfaceOrientationPortrait UIInterfaceOrientationPortraitUpsideDown";
				INFOPLIST_KEY_UISupportedInterfaceOrientations_iPhone = "UIInterfaceOrientationPortrait UIInterfaceOrientationLandscapeLeft UIInterfaceOrientationLandscapeRight";
				LD_RUNPATH_SEARCH_PATHS = (
					"$(inherited)",
					"@executable_path/Frameworks",
				);
				MARKETING_VERSION = 1.0;
				OTHER_SWIFT_FLAGS = "";
				PRODUCT_BUNDLE_IDENTIFIER = com.dsnallfot.CarbsCounter;
				PRODUCT_NAME = "$(TARGET_NAME)";
				SWIFT_EMIT_LOC_STRINGS = YES;
				SWIFT_VERSION = 5.0;
				TARGETED_DEVICE_FAMILY = "1,2";
			};
			name = Release;
		};
/* End XCBuildConfiguration section */

/* Begin XCConfigurationList section */
		6553EDF02C20DA9100B0FDF5 /* Build configuration list for PBXProject "Carb Counter" */ = {
			isa = XCConfigurationList;
			buildConfigurations = (
				6553EE202C20DA9400B0FDF5 /* Debug */,
				6553EE212C20DA9400B0FDF5 /* Release */,
			);
			defaultConfigurationIsVisible = 0;
			defaultConfigurationName = Release;
		};
		6553EE222C20DA9400B0FDF5 /* Build configuration list for PBXNativeTarget "Carb Counter" */ = {
			isa = XCConfigurationList;
			buildConfigurations = (
				6553EE232C20DA9400B0FDF5 /* Debug */,
				6553EE242C20DA9400B0FDF5 /* Release */,
			);
			defaultConfigurationIsVisible = 0;
			defaultConfigurationName = Release;
		};
/* End XCConfigurationList section */

/* Begin XCRemoteSwiftPackageReference section */
		5ACF73412CAFEAF700C48000 /* XCRemoteSwiftPackageReference "ISEmojiView" */ = {
			isa = XCRemoteSwiftPackageReference;
			repositoryURL = "https://github.com/isaced/ISEmojiView.git";
			requirement = {
				kind = upToNextMajorVersion;
				minimumVersion = 0.3.4;
			};
		};
		65D185732CB27AB900E82D51 /* XCRemoteSwiftPackageReference "Charts" */ = {
			isa = XCRemoteSwiftPackageReference;
			repositoryURL = "https://github.com/danielgindi/Charts.git";
			requirement = {
				kind = upToNextMajorVersion;
				minimumVersion = 5.1.0;
			};
		};
		65D508CE2CE77C250023E29B /* XCRemoteSwiftPackageReference "Swift-JWT" */ = {
			isa = XCRemoteSwiftPackageReference;
			repositoryURL = "https://github.com/Kitura/Swift-JWT.git";
			requirement = {
				kind = upToNextMajorVersion;
				minimumVersion = 4.0.2;
			};
		};
/* End XCRemoteSwiftPackageReference section */

/* Begin XCSwiftPackageProductDependency section */
		5ACF73422CAFEAF700C48000 /* ISEmojiView */ = {
			isa = XCSwiftPackageProductDependency;
			package = 5ACF73412CAFEAF700C48000 /* XCRemoteSwiftPackageReference "ISEmojiView" */;
			productName = ISEmojiView;
		};
		65D185742CB27AB900E82D51 /* DGCharts */ = {
			isa = XCSwiftPackageProductDependency;
			package = 65D185732CB27AB900E82D51 /* XCRemoteSwiftPackageReference "Charts" */;
			productName = DGCharts;
		};
		65D508CF2CE77C250023E29B /* SwiftJWT */ = {
			isa = XCSwiftPackageProductDependency;
			package = 65D508CE2CE77C250023E29B /* XCRemoteSwiftPackageReference "Swift-JWT" */;
			productName = SwiftJWT;
		};
/* End XCSwiftPackageProductDependency section */

/* Begin XCVersionGroup section */
		6553EE012C20DA9200B0FDF5 /* CarbsCounter.xcdatamodeld */ = {
			isa = XCVersionGroup;
			children = (
				6553EE022C20DA9200B0FDF5 /* Carb_Counter.xcdatamodel */,
			);
			currentVersion = 6553EE022C20DA9200B0FDF5 /* Carb_Counter.xcdatamodel */;
			path = CarbsCounter.xcdatamodeld;
			sourceTree = "<group>";
			versionGroupType = wrapper.xcdatamodel;
		};
/* End XCVersionGroup section */
	};
	rootObject = 6553EDED2C20DA9100B0FDF5 /* Project object */;
}
